// !$*UTF8*$!
{
	archiveVersion = 1;
	classes = {
	};
	objectVersion = 46;
	objects = {

/* Begin PBXBuildFile section */
		B586D44E1A3EBFCE004EEE84 /* main.m in Sources */ = {isa = PBXBuildFile; fileRef = B586D44D1A3EBFCE004EEE84 /* main.m */; };
		B586D4511A3EBFCE004EEE84 /* AppDelegate.m in Sources */ = {isa = PBXBuildFile; fileRef = B586D4501A3EBFCE004EEE84 /* AppDelegate.m */; };
		B586D4591A3EBFCE004EEE84 /* Images.xcassets in Resources */ = {isa = PBXBuildFile; fileRef = B586D4581A3EBFCE004EEE84 /* Images.xcassets */; };
		B586D4681A3EBFCE004EEE84 /* ForUTests.m in Sources */ = {isa = PBXBuildFile; fileRef = B586D4671A3EBFCE004EEE84 /* ForUTests.m */; };
/* End PBXBuildFile section */

/* Begin PBXContainerItemProxy section */
		B586D4621A3EBFCE004EEE84 /* PBXContainerItemProxy */ = {
			isa = PBXContainerItemProxy;
			containerPortal = B586D4401A3EBFCD004EEE84 /* Project object */;
			proxyType = 1;
			remoteGlobalIDString = B586D4471A3EBFCE004EEE84;
			remoteInfo = ForU;
		};
/* End PBXContainerItemProxy section */

/* Begin PBXFileReference section */
		B586D4481A3EBFCE004EEE84 /* ForU.app */ = {isa = PBXFileReference; explicitFileType = wrapper.application; includeInIndex = 0; path = ForU.app; sourceTree = BUILT_PRODUCTS_DIR; };
		B586D44C1A3EBFCE004EEE84 /* Info.plist */ = {isa = PBXFileReference; lastKnownFileType = text.plist.xml; path = Info.plist; sourceTree = "<group>"; };
		B586D44D1A3EBFCE004EEE84 /* main.m */ = {isa = PBXFileReference; lastKnownFileType = sourcecode.c.objc; path = main.m; sourceTree = "<group>"; };
		B586D44F1A3EBFCE004EEE84 /* AppDelegate.h */ = {isa = PBXFileReference; lastKnownFileType = sourcecode.c.h; path = AppDelegate.h; sourceTree = "<group>"; };
		B586D4501A3EBFCE004EEE84 /* AppDelegate.m */ = {isa = PBXFileReference; lastKnownFileType = sourcecode.c.objc; path = AppDelegate.m; sourceTree = "<group>"; };
		B586D4581A3EBFCE004EEE84 /* Images.xcassets */ = {isa = PBXFileReference; lastKnownFileType = folder.assetcatalog; path = Images.xcassets; sourceTree = "<group>"; };
		B586D4611A3EBFCE004EEE84 /* ForUTests.xctest */ = {isa = PBXFileReference; explicitFileType = wrapper.cfbundle; includeInIndex = 0; path = ForUTests.xctest; sourceTree = BUILT_PRODUCTS_DIR; };
		B586D4661A3EBFCE004EEE84 /* Info.plist */ = {isa = PBXFileReference; lastKnownFileType = text.plist.xml; path = Info.plist; sourceTree = "<group>"; };
		B586D4671A3EBFCE004EEE84 /* ForUTests.m */ = {isa = PBXFileReference; lastKnownFileType = sourcecode.c.objc; path = ForUTests.m; sourceTree = "<group>"; };
/* End PBXFileReference section */

/* Begin PBXFrameworksBuildPhase section */
		B586D4451A3EBFCE004EEE84 /* Frameworks */ = {
			isa = PBXFrameworksBuildPhase;
			buildActionMask = 2147483647;
			files = (
			);
			runOnlyForDeploymentPostprocessing = 0;
		};
		B586D45E1A3EBFCE004EEE84 /* Frameworks */ = {
			isa = PBXFrameworksBuildPhase;
			buildActionMask = 2147483647;
			files = (
			);
			runOnlyForDeploymentPostprocessing = 0;
		};
/* End PBXFrameworksBuildPhase section */

/* Begin PBXGroup section */
		B586D43F1A3EBFCD004EEE84 = {
			isa = PBXGroup;
			children = (
				B586D4721A3EC069004EEE84 /* MiddleWare */,
				B586D44A1A3EBFCE004EEE84 /* ForU */,
				B586D4641A3EBFCE004EEE84 /* ForUTests */,
				B586D4491A3EBFCE004EEE84 /* Products */,
			);
			sourceTree = "<group>";
		};
		B586D4491A3EBFCE004EEE84 /* Products */ = {
			isa = PBXGroup;
			children = (
				B586D4481A3EBFCE004EEE84 /* ForU.app */,
				B586D4611A3EBFCE004EEE84 /* ForUTests.xctest */,
			);
			name = Products;
			sourceTree = "<group>";
		};
		B586D44A1A3EBFCE004EEE84 /* ForU */ = {
			isa = PBXGroup;
			children = (
				B586D44F1A3EBFCE004EEE84 /* AppDelegate.h */,
				B586D4501A3EBFCE004EEE84 /* AppDelegate.m */,
				B586D4581A3EBFCE004EEE84 /* Images.xcassets */,
				B586D44B1A3EBFCE004EEE84 /* Supporting Files */,
			);
			path = ForU;
			sourceTree = "<group>";
		};
		B586D44B1A3EBFCE004EEE84 /* Supporting Files */ = {
			isa = PBXGroup;
			children = (
				B586D44C1A3EBFCE004EEE84 /* Info.plist */,
				B586D44D1A3EBFCE004EEE84 /* main.m */,
			);
			name = "Supporting Files";
			sourceTree = "<group>";
		};
		B586D4641A3EBFCE004EEE84 /* ForUTests */ = {
			isa = PBXGroup;
			children = (
				B586D4671A3EBFCE004EEE84 /* ForUTests.m */,
				B586D4651A3EBFCE004EEE84 /* Supporting Files */,
			);
			path = ForUTests;
			sourceTree = "<group>";
		};
		B586D4651A3EBFCE004EEE84 /* Supporting Files */ = {
			isa = PBXGroup;
			children = (
				B586D4661A3EBFCE004EEE84 /* Info.plist */,
			);
			name = "Supporting Files";
			sourceTree = "<group>";
		};
		B586D4721A3EC069004EEE84 /* MiddleWare */ = {
			isa = PBXGroup;
			children = (
			);
			path = MiddleWare;
			sourceTree = "<group>";
		};
/* End PBXGroup section */

/* Begin PBXNativeTarget section */
		B586D4471A3EBFCE004EEE84 /* ForU */ = {
			isa = PBXNativeTarget;
			buildConfigurationList = B586D46B1A3EBFCE004EEE84 /* Build configuration list for PBXNativeTarget "ForU" */;
			buildPhases = (
				B586D4441A3EBFCE004EEE84 /* Sources */,
				B586D4451A3EBFCE004EEE84 /* Frameworks */,
				B586D4461A3EBFCE004EEE84 /* Resources */,
			);
			buildRules = (
			);
			dependencies = (
			);
			name = ForU;
			productName = ForU;
			productReference = B586D4481A3EBFCE004EEE84 /* ForU.app */;
			productType = "com.apple.product-type.application";
		};
		B586D4601A3EBFCE004EEE84 /* ForUTests */ = {
			isa = PBXNativeTarget;
			buildConfigurationList = B586D46E1A3EBFCE004EEE84 /* Build configuration list for PBXNativeTarget "ForUTests" */;
			buildPhases = (
				B586D45D1A3EBFCE004EEE84 /* Sources */,
				B586D45E1A3EBFCE004EEE84 /* Frameworks */,
				B586D45F1A3EBFCE004EEE84 /* Resources */,
			);
			buildRules = (
			);
			dependencies = (
				B586D4631A3EBFCE004EEE84 /* PBXTargetDependency */,
			);
			name = ForUTests;
			productName = ForUTests;
			productReference = B586D4611A3EBFCE004EEE84 /* ForUTests.xctest */;
			productType = "com.apple.product-type.bundle.unit-test";
		};
/* End PBXNativeTarget section */

/* Begin PBXProject section */
		B586D4401A3EBFCD004EEE84 /* Project object */ = {
			isa = PBXProject;
			attributes = {
				LastUpgradeCheck = 0610;
				ORGANIZATIONNAME = "孙昕";
				TargetAttributes = {
					B586D4471A3EBFCE004EEE84 = {
						CreatedOnToolsVersion = 6.1.1;
					};
					B586D4601A3EBFCE004EEE84 = {
						CreatedOnToolsVersion = 6.1.1;
						TestTargetID = B586D4471A3EBFCE004EEE84;
					};
				};
			};
			buildConfigurationList = B586D4431A3EBFCD004EEE84 /* Build configuration list for PBXProject "ForU" */;
			compatibilityVersion = "Xcode 3.2";
			developmentRegion = English;
			hasScannedForEncodings = 0;
			knownRegions = (
				en,
				Base,
			);
			mainGroup = B586D43F1A3EBFCD004EEE84;
			productRefGroup = B586D4491A3EBFCE004EEE84 /* Products */;
			projectDirPath = "";
			projectRoot = "";
			targets = (
				B586D4471A3EBFCE004EEE84 /* ForU */,
				B586D4601A3EBFCE004EEE84 /* ForUTests */,
			);
		};
/* End PBXProject section */

/* Begin PBXResourcesBuildPhase section */
		B586D4461A3EBFCE004EEE84 /* Resources */ = {
			isa = PBXResourcesBuildPhase;
			buildActionMask = 2147483647;
			files = (
				B586D4591A3EBFCE004EEE84 /* Images.xcassets in Resources */,
			);
			runOnlyForDeploymentPostprocessing = 0;
		};
		B586D45F1A3EBFCE004EEE84 /* Resources */ = {
			isa = PBXResourcesBuildPhase;
			buildActionMask = 2147483647;
			files = (
			);
			runOnlyForDeploymentPostprocessing = 0;
		};
/* End PBXResourcesBuildPhase section */

/* Begin PBXSourcesBuildPhase section */
		B586D4441A3EBFCE004EEE84 /* Sources */ = {
			isa = PBXSourcesBuildPhase;
			buildActionMask = 2147483647;
			files = (
				B586D4511A3EBFCE004EEE84 /* AppDelegate.m in Sources */,
				B586D44E1A3EBFCE004EEE84 /* main.m in Sources */,
			);
			runOnlyForDeploymentPostprocessing = 0;
		};
		B586D45D1A3EBFCE004EEE84 /* Sources */ = {
			isa = PBXSourcesBuildPhase;
			buildActionMask = 2147483647;
			files = (
				B586D4681A3EBFCE004EEE84 /* ForUTests.m in Sources */,
			);
			runOnlyForDeploymentPostprocessing = 0;
		};
/* End PBXSourcesBuildPhase section */

/* Begin PBXTargetDependency section */
		B586D4631A3EBFCE004EEE84 /* PBXTargetDependency */ = {
			isa = PBXTargetDependency;
			target = B586D4471A3EBFCE004EEE84 /* ForU */;
			targetProxy = B586D4621A3EBFCE004EEE84 /* PBXContainerItemProxy */;
		};
/* End PBXTargetDependency section */

/* Begin XCBuildConfiguration section */
		B586D4691A3EBFCE004EEE84 /* Debug */ = {
			isa = XCBuildConfiguration;
			buildSettings = {
				ALWAYS_SEARCH_USER_PATHS = NO;
				CLANG_CXX_LANGUAGE_STANDARD = "gnu++0x";
				CLANG_CXX_LIBRARY = "libc++";
				CLANG_ENABLE_MODULES = YES;
				CLANG_ENABLE_OBJC_ARC = YES;
				CLANG_WARN_BOOL_CONVERSION = YES;
				CLANG_WARN_CONSTANT_CONVERSION = YES;
				CLANG_WARN_DIRECT_OBJC_ISA_USAGE = YES_ERROR;
				CLANG_WARN_EMPTY_BODY = YES;
				CLANG_WARN_ENUM_CONVERSION = YES;
				CLANG_WARN_INT_CONVERSION = YES;
				CLANG_WARN_OBJC_ROOT_CLASS = YES_ERROR;
				CLANG_WARN_UNREACHABLE_CODE = YES;
				CLANG_WARN__DUPLICATE_METHOD_MATCH = YES;
				"CODE_SIGN_IDENTITY[sdk=iphoneos*]" = "iPhone Developer";
				COPY_PHASE_STRIP = NO;
				ENABLE_STRICT_OBJC_MSGSEND = YES;
				GCC_C_LANGUAGE_STANDARD = gnu99;
				GCC_DYNAMIC_NO_PIC = NO;
				GCC_OPTIMIZATION_LEVEL = 0;
				GCC_PREPROCESSOR_DEFINITIONS = (
					"DEBUG=1",
					"$(inherited)",
				);
				GCC_SYMBOLS_PRIVATE_EXTERN = NO;
				GCC_WARN_64_TO_32_BIT_CONVERSION = YES;
				GCC_WARN_ABOUT_RETURN_TYPE = YES_ERROR;
				GCC_WARN_UNDECLARED_SELECTOR = YES;
				GCC_WARN_UNINITIALIZED_AUTOS = YES_AGGRESSIVE;
				GCC_WARN_UNUSED_FUNCTION = YES;
				GCC_WARN_UNUSED_VARIABLE = YES;
				IPHONEOS_DEPLOYMENT_TARGET = 8.1;
				MTL_ENABLE_DEBUG_INFO = YES;
				ONLY_ACTIVE_ARCH = YES;
				SDKROOT = iphoneos;
			};
			name = Debug;
		};
		B586D46A1A3EBFCE004EEE84 /* Release */ = {
			isa = XCBuildConfiguration;
			buildSettings = {
				ALWAYS_SEARCH_USER_PATHS = NO;
				CLANG_CXX_LANGUAGE_STANDARD = "gnu++0x";
				CLANG_CXX_LIBRARY = "libc++";
				CLANG_ENABLE_MODULES = YES;
				CLANG_ENABLE_OBJC_ARC = YES;
				CLANG_WARN_BOOL_CONVERSION = YES;
				CLANG_WARN_CONSTANT_CONVERSION = YES;
				CLANG_WARN_DIRECT_OBJC_ISA_USAGE = YES_ERROR;
				CLANG_WARN_EMPTY_BODY = YES;
				CLANG_WARN_ENUM_CONVERSION = YES;
				CLANG_WARN_INT_CONVERSION = YES;
				CLANG_WARN_OBJC_ROOT_CLASS = YES_ERROR;
				CLANG_WARN_UNREACHABLE_CODE = YES;
				CLANG_WARN__DUPLICATE_METHOD_MATCH = YES;
				"CODE_SIGN_IDENTITY[sdk=iphoneos*]" = "iPhone Developer";
				COPY_PHASE_STRIP = YES;
				ENABLE_NS_ASSERTIONS = NO;
				ENABLE_STRICT_OBJC_MSGSEND = YES;
				GCC_C_LANGUAGE_STANDARD = gnu99;
				GCC_WARN_64_TO_32_BIT_CONVERSION = YES;
				GCC_WARN_ABOUT_RETURN_TYPE = YES_ERROR;
				GCC_WARN_UNDECLARED_SELECTOR = YES;
				GCC_WARN_UNINITIALIZED_AUTOS = YES_AGGRESSIVE;
				GCC_WARN_UNUSED_FUNCTION = YES;
				GCC_WARN_UNUSED_VARIABLE = YES;
				IPHONEOS_DEPLOYMENT_TARGET = 8.1;
				MTL_ENABLE_DEBUG_INFO = NO;
				SDKROOT = iphoneos;
				VALIDATE_PRODUCT = YES;
			};
			name = Release;
		};
		B586D46C1A3EBFCE004EEE84 /* Debug */ = {
			isa = XCBuildConfiguration;
			buildSettings = {
				ASSETCATALOG_COMPILER_APPICON_NAME = AppIcon;
				INFOPLIST_FILE = ForU/Info.plist;
				LD_RUNPATH_SEARCH_PATHS = "$(inherited) @executable_path/Frameworks";
				PRODUCT_NAME = "$(TARGET_NAME)";
			};
			name = Debug;
		};
		B586D46D1A3EBFCE004EEE84 /* Release */ = {
			isa = XCBuildConfiguration;
			buildSettings = {
				ASSETCATALOG_COMPILER_APPICON_NAME = AppIcon;
				INFOPLIST_FILE = ForU/Info.plist;
				LD_RUNPATH_SEARCH_PATHS = "$(inherited) @executable_path/Frameworks";
				PRODUCT_NAME = "$(TARGET_NAME)";
			};
			name = Release;
		};
		B586D46F1A3EBFCE004EEE84 /* Debug */ = {
			isa = XCBuildConfiguration;
			buildSettings = {
				BUNDLE_LOADER = "$(TEST_HOST)";
				FRAMEWORK_SEARCH_PATHS = (
					"$(SDKROOT)/Developer/Library/Frameworks",
					"$(inherited)",
				);
				GCC_PREPROCESSOR_DEFINITIONS = (
					"DEBUG=1",
					"$(inherited)",
				);
				INFOPLIST_FILE = ForUTests/Info.plist;
				LD_RUNPATH_SEARCH_PATHS = "$(inherited) @executable_path/Frameworks @loader_path/Frameworks";
				PRODUCT_NAME = "$(TARGET_NAME)";
				TEST_HOST = "$(BUILT_PRODUCTS_DIR)/ForU.app/ForU";
			};
			name = Debug;
		};
		B586D4701A3EBFCE004EEE84 /* Release */ = {
			isa = XCBuildConfiguration;
			buildSettings = {
				BUNDLE_LOADER = "$(TEST_HOST)";
				FRAMEWORK_SEARCH_PATHS = (
					"$(SDKROOT)/Developer/Library/Frameworks",
					"$(inherited)",
				);
				INFOPLIST_FILE = ForUTests/Info.plist;
				LD_RUNPATH_SEARCH_PATHS = "$(inherited) @executable_path/Frameworks @loader_path/Frameworks";
				PRODUCT_NAME = "$(TARGET_NAME)";
				TEST_HOST = "$(BUILT_PRODUCTS_DIR)/ForU.app/ForU";
			};
			name = Release;
		};
/* End XCBuildConfiguration section */

/* Begin XCConfigurationList section */
		B586D4431A3EBFCD004EEE84 /* Build configuration list for PBXProject "ForU" */ = {
			isa = XCConfigurationList;
			buildConfigurations = (
				B586D4691A3EBFCE004EEE84 /* Debug */,
				B586D46A1A3EBFCE004EEE84 /* Release */,
			);
			defaultConfigurationIsVisible = 0;
			defaultConfigurationName = Release;
		};
		B586D46B1A3EBFCE004EEE84 /* Build configuration list for PBXNativeTarget "ForU" */ = {
			isa = XCConfigurationList;
			buildConfigurations = (
				B586D46C1A3EBFCE004EEE84 /* Debug */,
				B586D46D1A3EBFCE004EEE84 /* Release */,
			);
			defaultConfigurationIsVisible = 0;
		};
		B586D46E1A3EBFCE004EEE84 /* Build configuration list for PBXNativeTarget "ForUTests" */ = {
			isa = XCConfigurationList;
			buildConfigurations = (
				B586D46F1A3EBFCE004EEE84 /* Debug */,
				B586D4701A3EBFCE004EEE84 /* Release */,
			);
			defaultConfigurationIsVisible = 0;
		};
/* End XCConfigurationList section */
	};
	rootObject = B586D4401A3EBFCD004EEE84 /* Project object */;
}
