// !$*UTF8*$!
{
	archiveVersion = 1;
	classes = {
	};
	objectVersion = 46;
	objects = {

/* Begin PBXBuildFile section */
		B5197BB31A99810C00A598FA /* GiftView.m in Sources */ = {isa = PBXBuildFile; fileRef = B5197BB21A99810C00A598FA /* GiftView.m */; };
		B5197BB81A99943F00A598FA /* GiftCell.m in Sources */ = {isa = PBXBuildFile; fileRef = B5197BB61A99943F00A598FA /* GiftCell.m */; };
		B5197BB91A99943F00A598FA /* GiftCell.xib in Resources */ = {isa = PBXBuildFile; fileRef = B5197BB71A99943F00A598FA /* GiftCell.xib */; };
		B5197BBB1A99955500A598FA /* price.jpg in Resources */ = {isa = PBXBuildFile; fileRef = B5197BBA1A99955500A598FA /* price.jpg */; };
		B5197BBD1A9A1A2100A598FA /* Icon.png in Resources */ = {isa = PBXBuildFile; fileRef = B5197BBC1A9A1A2100A598FA /* Icon.png */; };
		B5197BC01A9B08A700A598FA /* DatePickerView.m in Sources */ = {isa = PBXBuildFile; fileRef = B5197BBF1A9B08A700A598FA /* DatePickerView.m */; };
		B54754541A91A5B300C8BEC4 /* DateViewController.m in Sources */ = {isa = PBXBuildFile; fileRef = B54754521A91A5B300C8BEC4 /* DateViewController.m */; };
		B54754551A91A5B300C8BEC4 /* DateViewController.xib in Resources */ = {isa = PBXBuildFile; fileRef = B54754531A91A5B300C8BEC4 /* DateViewController.xib */; };
		B54754581A97105D00C8BEC4 /* MsgShowView.m in Sources */ = {isa = PBXBuildFile; fileRef = B54754571A97105D00C8BEC4 /* MsgShowView.m */; };
		B57EA9EC1A623FCD0002B5D3 /* ChooseGirlViewController.m in Sources */ = {isa = PBXBuildFile; fileRef = B57EA9E41A623FCD0002B5D3 /* ChooseGirlViewController.m */; };
		B57EA9ED1A623FCD0002B5D3 /* ChooseGirlViewController.xib in Resources */ = {isa = PBXBuildFile; fileRef = B57EA9E51A623FCD0002B5D3 /* ChooseGirlViewController.xib */; };
		B57EA9EE1A623FCD0002B5D3 /* MainMenuViewController.m in Sources */ = {isa = PBXBuildFile; fileRef = B57EA9E71A623FCD0002B5D3 /* MainMenuViewController.m */; };
		B57EA9EF1A623FCD0002B5D3 /* MainMenuViewController.xib in Resources */ = {isa = PBXBuildFile; fileRef = B57EA9E81A623FCD0002B5D3 /* MainMenuViewController.xib */; };
		B57EA9F01A623FCD0002B5D3 /* StartViewController.m in Sources */ = {isa = PBXBuildFile; fileRef = B57EA9EA1A623FCD0002B5D3 /* StartViewController.m */; };
		B57EA9F11A623FCD0002B5D3 /* StartViewController.xib in Resources */ = {isa = PBXBuildFile; fileRef = B57EA9EB1A623FCD0002B5D3 /* StartViewController.xib */; };
		B57EA9F61A6244C00002B5D3 /* loli.png in Resources */ = {isa = PBXBuildFile; fileRef = B57EA9F31A6244C00002B5D3 /* loli.png */; };
		B57EA9F71A6244C00002B5D3 /* maid.png in Resources */ = {isa = PBXBuildFile; fileRef = B57EA9F41A6244C00002B5D3 /* maid.png */; };
		B586D4511A3EBFCE004EEE84 /* AppDelegate.m in Sources */ = {isa = PBXBuildFile; fileRef = B586D4501A3EBFCE004EEE84 /* AppDelegate.m */; };
		B586D4591A3EBFCE004EEE84 /* Images.xcassets in Resources */ = {isa = PBXBuildFile; fileRef = B586D4581A3EBFCE004EEE84 /* Images.xcassets */; };
		B59C8F571A68085200B9E386 /* queen.png in Resources */ = {isa = PBXBuildFile; fileRef = B59C8F561A68085200B9E386 /* queen.png */; };
		B59C8F5B1A6D256F00B9E386 /* SettingView.m in Sources */ = {isa = PBXBuildFile; fileRef = B59C8F5A1A6D256F00B9E386 /* SettingView.m */; };
		B59C8F5F1A6D28B900B9E386 /* SettingView.xib in Resources */ = {isa = PBXBuildFile; fileRef = B59C8F5E1A6D28B900B9E386 /* SettingView.xib */; };
		B59C8F631A6D2EFB00B9E386 /* FUPublic.m in Sources */ = {isa = PBXBuildFile; fileRef = B59C8F621A6D2EFB00B9E386 /* FUPublic.m */; };
		B59C8F651A6D476C00B9E386 /* close.png in Resources */ = {isa = PBXBuildFile; fileRef = B59C8F641A6D476C00B9E386 /* close.png */; };
		B59C8F691A7489C800B9E386 /* StateViewController.m in Sources */ = {isa = PBXBuildFile; fileRef = B59C8F671A7489C800B9E386 /* StateViewController.m */; };
		B59C8F6A1A7489C800B9E386 /* StateViewController.xib in Resources */ = {isa = PBXBuildFile; fileRef = B59C8F681A7489C800B9E386 /* StateViewController.xib */; };
		B5A115891A8B008D002ABD7F /* leisure.gif in Resources */ = {isa = PBXBuildFile; fileRef = B5A115861A8B008D002ABD7F /* leisure.gif */; };
		B5A1158A1A8B008D002ABD7F /* sleep.gif in Resources */ = {isa = PBXBuildFile; fileRef = B5A115871A8B008D002ABD7F /* sleep.gif */; };
		B5A1158B1A8B008D002ABD7F /* work.gif in Resources */ = {isa = PBXBuildFile; fileRef = B5A115881A8B008D002ABD7F /* work.gif */; };
		B5A115901A8B9129002ABD7F /* TalkViewController.m in Sources */ = {isa = PBXBuildFile; fileRef = B5A1158E1A8B9129002ABD7F /* TalkViewController.m */; };
		B5A115911A8B9129002ABD7F /* TalkViewController.xib in Resources */ = {isa = PBXBuildFile; fileRef = B5A1158F1A8B9129002ABD7F /* TalkViewController.xib */; };
		B5A115931A8BAF95002ABD7F /* 烦躁.png in Resources */ = {isa = PBXBuildFile; fileRef = B5A115921A8BAF95002ABD7F /* 烦躁.png */; };
		B5A115961A8C8B18002ABD7F /* GirlShowView.m in Sources */ = {isa = PBXBuildFile; fileRef = B5A115951A8C8B18002ABD7F /* GirlShowView.m */; };
		B5A115991A8DD66E002ABD7F /* ChangeValueView.m in Sources */ = {isa = PBXBuildFile; fileRef = B5A115981A8DD66E002ABD7F /* ChangeValueView.m */; };
		B5A1159C1A8F06A5002ABD7F /* TalkContentView.m in Sources */ = {isa = PBXBuildFile; fileRef = B5A1159B1A8F06A5002ABD7F /* TalkContentView.m */; };
		B5A1159E1A8F06B6002ABD7F /* TalkContentView.xib in Resources */ = {isa = PBXBuildFile; fileRef = B5A1159D1A8F06B6002ABD7F /* TalkContentView.xib */; };
		B5A115A21A8F1FE5002ABD7F /* lolihead.png in Resources */ = {isa = PBXBuildFile; fileRef = B5A1159F1A8F1FE5002ABD7F /* lolihead.png */; };
		B5A115A31A8F1FE5002ABD7F /* maidhead.png in Resources */ = {isa = PBXBuildFile; fileRef = B5A115A01A8F1FE5002ABD7F /* maidhead.png */; };
		B5A115A41A8F1FE5002ABD7F /* queenhead.png in Resources */ = {isa = PBXBuildFile; fileRef = B5A115A11A8F1FE5002ABD7F /* queenhead.png */; };
		B5BADD4D1A88A54600238649 /* HeaderValueView.m in Sources */ = {isa = PBXBuildFile; fileRef = B5BADD4C1A88A54600238649 /* HeaderValueView.m */; };
		B5BADD4F1A88A55B00238649 /* HeaderValueView.xib in Resources */ = {isa = PBXBuildFile; fileRef = B5BADD4E1A88A55B00238649 /* HeaderValueView.xib */; };
		B5BADD541A890E6A00238649 /* msyh.ttf in Resources */ = {isa = PBXBuildFile; fileRef = B5BADD531A89095700238649 /* msyh.ttf */; };
		B5BADD551A890E6A00238649 /* RTWS YueRoundedGothic Demo.otf in Resources */ = {isa = PBXBuildFile; fileRef = B5BADD521A8907F600238649 /* RTWS YueRoundedGothic Demo.otf */; };
		B5BADD5E1A89ABBA00238649 /* 伤心.png in Resources */ = {isa = PBXBuildFile; fileRef = B5BADD571A89ABBA00238649 /* 伤心.png */; };
		B5BADD5F1A89ABBA00238649 /* 害羞.png in Resources */ = {isa = PBXBuildFile; fileRef = B5BADD581A89ABBA00238649 /* 害羞.png */; };
		B5BADD601A89ABBA00238649 /* 平静.png in Resources */ = {isa = PBXBuildFile; fileRef = B5BADD591A89ABBA00238649 /* 平静.png */; };
		B5BADD611A89ABBA00238649 /* 开心.png in Resources */ = {isa = PBXBuildFile; fileRef = B5BADD5A1A89ABBA00238649 /* 开心.png */; };
		B5BADD621A89ABBA00238649 /* 撒娇.png in Resources */ = {isa = PBXBuildFile; fileRef = B5BADD5B1A89ABBA00238649 /* 撒娇.png */; };
		B5BADD631A89ABBA00238649 /* 生气.png in Resources */ = {isa = PBXBuildFile; fileRef = B5BADD5C1A89ABBA00238649 /* 生气.png */; };
		B5BADD641A89ABBA00238649 /* 紧张.png in Resources */ = {isa = PBXBuildFile; fileRef = B5BADD5D1A89ABBA00238649 /* 紧张.png */; };
		B5BADD661A89ACC200238649 /* IOI.png in Resources */ = {isa = PBXBuildFile; fileRef = B5BADD651A89ACC200238649 /* IOI.png */; };
		B5CB844D1A400AF100F3D9B1 /* FUApplication.mm in Sources */ = {isa = PBXBuildFile; fileRef = B5CB844C1A400AF100F3D9B1 /* FUApplication.mm */; };
		B5CB84C31A400DD800F3D9B1 /* Application.cpp in Sources */ = {isa = PBXBuildFile; fileRef = B5CB844F1A400DD800F3D9B1 /* Application.cpp */; };
		B5CB84CC1A400DD800F3D9B1 /* ActionBody.cpp in Sources */ = {isa = PBXBuildFile; fileRef = B5CB845D1A400DD800F3D9B1 /* ActionBody.cpp */; };
		B5CB84CD1A400DD800F3D9B1 /* ActionEye.cpp in Sources */ = {isa = PBXBuildFile; fileRef = B5CB845F1A400DD800F3D9B1 /* ActionEye.cpp */; };
		B5CB84CE1A400DD800F3D9B1 /* ActionTalk.cpp in Sources */ = {isa = PBXBuildFile; fileRef = B5CB84611A400DD800F3D9B1 /* ActionTalk.cpp */; };
		B5CB84CF1A400DD800F3D9B1 /* DateBase.cpp in Sources */ = {isa = PBXBuildFile; fileRef = B5CB84641A400DD800F3D9B1 /* DateBase.cpp */; };
		B5CB84D01A400DD800F3D9B1 /* DateEat.cpp in Sources */ = {isa = PBXBuildFile; fileRef = B5CB84661A400DD800F3D9B1 /* DateEat.cpp */; };
		B5CB84D11A400DD800F3D9B1 /* DateFilm.cpp in Sources */ = {isa = PBXBuildFile; fileRef = B5CB84681A400DD800F3D9B1 /* DateFilm.cpp */; };
		B5CB84D21A400DD800F3D9B1 /* DatePark.cpp in Sources */ = {isa = PBXBuildFile; fileRef = B5CB846A1A400DD800F3D9B1 /* DatePark.cpp */; };
		B5CB84D31A400DD800F3D9B1 /* DateWalk.cpp in Sources */ = {isa = PBXBuildFile; fileRef = B5CB846C1A400DD800F3D9B1 /* DateWalk.cpp */; };
		B5CB84D41A400DD800F3D9B1 /* DateIOI.cpp in Sources */ = {isa = PBXBuildFile; fileRef = B5CB846E1A400DD800F3D9B1 /* DateIOI.cpp */; };
		B5CB84D51A400DD800F3D9B1 /* DateLove.cpp in Sources */ = {isa = PBXBuildFile; fileRef = B5CB84701A400DD800F3D9B1 /* DateLove.cpp */; };
		B5CB84D61A400DD800F3D9B1 /* DateNoLove.cpp in Sources */ = {isa = PBXBuildFile; fileRef = B5CB84721A400DD800F3D9B1 /* DateNoLove.cpp */; };
		B5CB84D71A400DD800F3D9B1 /* Event.cpp in Sources */ = {isa = PBXBuildFile; fileRef = B5CB84751A400DD800F3D9B1 /* Event.cpp */; };
		B5CB84D81A400DD800F3D9B1 /* Gift.cpp in Sources */ = {isa = PBXBuildFile; fileRef = B5CB84781A400DD800F3D9B1 /* Gift.cpp */; };
		B5CB84D91A400DD800F3D9B1 /* Interaction.cpp in Sources */ = {isa = PBXBuildFile; fileRef = B5CB847A1A400DD800F3D9B1 /* Interaction.cpp */; };
		B5CB84DA1A400DD800F3D9B1 /* LeisureIOILove.cpp in Sources */ = {isa = PBXBuildFile; fileRef = B5CB847C1A400DD800F3D9B1 /* LeisureIOILove.cpp */; };
		B5CB84DB1A400DD800F3D9B1 /* LeisureIOINoLove.cpp in Sources */ = {isa = PBXBuildFile; fileRef = B5CB847E1A400DD800F3D9B1 /* LeisureIOINoLove.cpp */; };
		B5CB84DC1A400DD800F3D9B1 /* LeisureTalkLove.cpp in Sources */ = {isa = PBXBuildFile; fileRef = B5CB84801A400DD800F3D9B1 /* LeisureTalkLove.cpp */; };
		B5CB84DD1A400DD800F3D9B1 /* LeisureTalkNoLove.cpp in Sources */ = {isa = PBXBuildFile; fileRef = B5CB84821A400DD800F3D9B1 /* LeisureTalkNoLove.cpp */; };
		B5CB84DE1A400DD800F3D9B1 /* Story.cpp in Sources */ = {isa = PBXBuildFile; fileRef = B5CB84851A400DD800F3D9B1 /* Story.cpp */; };
		B5CB84DF1A400DD800F3D9B1 /* WorkHelpLove.cpp in Sources */ = {isa = PBXBuildFile; fileRef = B5CB84871A400DD800F3D9B1 /* WorkHelpLove.cpp */; };
		B5CB84E01A400DD800F3D9B1 /* WorkHelpNoLove.cpp in Sources */ = {isa = PBXBuildFile; fileRef = B5CB84891A400DD800F3D9B1 /* WorkHelpNoLove.cpp */; };
		B5CB84E11A400DD800F3D9B1 /* WorkIOILove.cpp in Sources */ = {isa = PBXBuildFile; fileRef = B5CB848B1A400DD800F3D9B1 /* WorkIOILove.cpp */; };
		B5CB84E21A400DD800F3D9B1 /* WorkIOINoLove.cpp in Sources */ = {isa = PBXBuildFile; fileRef = B5CB848D1A400DD800F3D9B1 /* WorkIOINoLove.cpp */; };
		B5CB84E31A400DD800F3D9B1 /* WorkMeetNoLove.cpp in Sources */ = {isa = PBXBuildFile; fileRef = B5CB848F1A400DD800F3D9B1 /* WorkMeetNoLove.cpp */; };
		B5CB84E41A400DD800F3D9B1 /* WorkTalkLove.cpp in Sources */ = {isa = PBXBuildFile; fileRef = B5CB84911A400DD800F3D9B1 /* WorkTalkLove.cpp */; };
		B5CB84E51A400DD800F3D9B1 /* WorkTalkNoLove.cpp in Sources */ = {isa = PBXBuildFile; fileRef = B5CB84931A400DD800F3D9B1 /* WorkTalkNoLove.cpp */; };
		B5CB84E61A400DD800F3D9B1 /* Notify.cpp in Sources */ = {isa = PBXBuildFile; fileRef = B5CB84971A400DD800F3D9B1 /* Notify.cpp */; };
		B5CB84E81A400DD800F3D9B1 /* Favorite.cpp in Sources */ = {isa = PBXBuildFile; fileRef = B5CB849B1A400DD800F3D9B1 /* Favorite.cpp */; };
		B5CB84E91A400DD800F3D9B1 /* Girl.cpp in Sources */ = {isa = PBXBuildFile; fileRef = B5CB849D1A400DD800F3D9B1 /* Girl.cpp */; };
		B5CB84EA1A400DD800F3D9B1 /* Mood.cpp in Sources */ = {isa = PBXBuildFile; fileRef = B5CB849F1A400DD800F3D9B1 /* Mood.cpp */; };
		B5CB84EB1A400DD800F3D9B1 /* PersonBase.cpp in Sources */ = {isa = PBXBuildFile; fileRef = B5CB84A11A400DD800F3D9B1 /* PersonBase.cpp */; };
		B5CB84EC1A400DD800F3D9B1 /* Player.cpp in Sources */ = {isa = PBXBuildFile; fileRef = B5CB84A31A400DD800F3D9B1 /* Player.cpp */; };
		B5CB84ED1A400DD800F3D9B1 /* Save.cpp in Sources */ = {isa = PBXBuildFile; fileRef = B5CB84A61A400DD800F3D9B1 /* Save.cpp */; };
		B5CB84EE1A400DD800F3D9B1 /* Status.cpp in Sources */ = {isa = PBXBuildFile; fileRef = B5CB84A91A400DD800F3D9B1 /* Status.cpp */; };
		B5CB84EF1A400DD800F3D9B1 /* StatusController.cpp in Sources */ = {isa = PBXBuildFile; fileRef = B5CB84AB1A400DD800F3D9B1 /* StatusController.cpp */; };
		B5CB84F01A400DD800F3D9B1 /* StatusLeisure.cpp in Sources */ = {isa = PBXBuildFile; fileRef = B5CB84AD1A400DD800F3D9B1 /* StatusLeisure.cpp */; };
		B5CB84F11A400DD800F3D9B1 /* StatusSleep.cpp in Sources */ = {isa = PBXBuildFile; fileRef = B5CB84AF1A400DD800F3D9B1 /* StatusSleep.cpp */; };
		B5CB84F21A400DD800F3D9B1 /* StatusWork.cpp in Sources */ = {isa = PBXBuildFile; fileRef = B5CB84B11A400DD800F3D9B1 /* StatusWork.cpp */; };
		B5CB84F31A400DD800F3D9B1 /* Constant.mm in Sources */ = {isa = PBXBuildFile; fileRef = B5CB84B41A400DD800F3D9B1 /* Constant.mm */; };
		B5CB84F41A400DD800F3D9B1 /* Log.cpp in Sources */ = {isa = PBXBuildFile; fileRef = B5CB84B71A400DD800F3D9B1 /* Log.cpp */; };
		B5CB84F51A400DD800F3D9B1 /* Oberserver.cpp in Sources */ = {isa = PBXBuildFile; fileRef = B5CB84B91A400DD800F3D9B1 /* Oberserver.cpp */; };
		B5CB84F61A400DD800F3D9B1 /* Serializ.cpp in Sources */ = {isa = PBXBuildFile; fileRef = B5CB84BB1A400DD800F3D9B1 /* Serializ.cpp */; };
		B5CB84F71A400DD800F3D9B1 /* Singleton.cpp in Sources */ = {isa = PBXBuildFile; fileRef = B5CB84BD1A400DD800F3D9B1 /* Singleton.cpp */; };
		B5CB84F81A400DD800F3D9B1 /* Time.cpp in Sources */ = {isa = PBXBuildFile; fileRef = B5CB84BF1A400DD800F3D9B1 /* Time.cpp */; };
		B5CB84F91A400DD800F3D9B1 /* Xml.cpp in Sources */ = {isa = PBXBuildFile; fileRef = B5CB84C11A400DD800F3D9B1 /* Xml.cpp */; };
		B5CB84FC1A4011D300F3D9B1 /* main.m in Sources */ = {isa = PBXBuildFile; fileRef = B5CB84FA1A4010F900F3D9B1 /* main.m */; };
		B5CB84FE1A40124C00F3D9B1 /* UIKit.framework in Frameworks */ = {isa = PBXBuildFile; fileRef = B5CB84FD1A40124C00F3D9B1 /* UIKit.framework */; };
		B5CB85001A40126500F3D9B1 /* Foundation.framework in Frameworks */ = {isa = PBXBuildFile; fileRef = B5CB84FF1A40126500F3D9B1 /* Foundation.framework */; };
		B5D0A1671A4198AC0059A685 /* FUAlertView.m in Sources */ = {isa = PBXBuildFile; fileRef = B5D0A1661A4198AC0059A685 /* FUAlertView.m */; };
		B5E2132D1A41BA11001735F7 /* QuartzCore.framework in Frameworks */ = {isa = PBXBuildFile; fileRef = B5E2132C1A41BA11001735F7 /* QuartzCore.framework */; };
		B5E213301A41C05B001735F7 /* FUListView.m in Sources */ = {isa = PBXBuildFile; fileRef = B5E2132F1A41C05B001735F7 /* FUListView.m */; };
		B5E213321A41C07A001735F7 /* FUListView.xib in Resources */ = {isa = PBXBuildFile; fileRef = B5E213311A41C07A001735F7 /* FUListView.xib */; };
		B5F184191A6424DE007C9558 /* AddressMapViewController.m in Sources */ = {isa = PBXBuildFile; fileRef = B5F184171A6424DE007C9558 /* AddressMapViewController.m */; };
		B5F1841A1A6424DE007C9558 /* AddressMapViewController.xib in Resources */ = {isa = PBXBuildFile; fileRef = B5F184181A6424DE007C9558 /* AddressMapViewController.xib */; };
		B5F1841C1A64255F007C9558 /* MapKit.framework in Frameworks */ = {isa = PBXBuildFile; fileRef = B5F1841B1A64255F007C9558 /* MapKit.framework */; };
		B5F1841E1A6425E3007C9558 /* CoreLocation.framework in Frameworks */ = {isa = PBXBuildFile; fileRef = B5F1841D1A6425E3007C9558 /* CoreLocation.framework */; };
		B5F184221A642A5E007C9558 /* AddressPin.m in Sources */ = {isa = PBXBuildFile; fileRef = B5F184211A642A5E007C9558 /* AddressPin.m */; };
		B5F3BD3D1A41D8B5001E7CCA /* SvGifView.m in Sources */ = {isa = PBXBuildFile; fileRef = B5F3BD3C1A41D8B5001E7CCA /* SvGifView.m */; };
		B5F3BD3F1A41D924001E7CCA /* ImageIO.framework in Frameworks */ = {isa = PBXBuildFile; fileRef = B5F3BD3E1A41D924001E7CCA /* ImageIO.framework */; };
		B5F3BD411A41D934001E7CCA /* CoreFoundation.framework in Frameworks */ = {isa = PBXBuildFile; fileRef = B5F3BD401A41D934001E7CCA /* CoreFoundation.framework */; };
		B5F3BD431A41D9D0001E7CCA /* CoreGraphics.framework in Frameworks */ = {isa = PBXBuildFile; fileRef = B5F3BD421A41D9D0001E7CCA /* CoreGraphics.framework */; };
		B5F3BD461A41DA17001E7CCA /* FULoadingView.m in Sources */ = {isa = PBXBuildFile; fileRef = B5F3BD451A41DA17001E7CCA /* FULoadingView.m */; };
		B5F3BD521A42768D001E7CCA /* FUPhotoView.m in Sources */ = {isa = PBXBuildFile; fileRef = B5F3BD511A42768D001E7CCA /* FUPhotoView.m */; };
		B5F3BD5D1A429833001E7CCA /* Image.bundle in Resources */ = {isa = PBXBuildFile; fileRef = B5F3BD5C1A429833001E7CCA /* Image.bundle */; };
		B5F3BD631A4A9D51001E7CCA /* Data.bundle in Resources */ = {isa = PBXBuildFile; fileRef = B5F3BD621A4A9D51001E7CCA /* Data.bundle */; };
		B5F3BD711A4FB471001E7CCA /* start.jpg in Resources */ = {isa = PBXBuildFile; fileRef = B5F3BD701A4FB471001E7CCA /* start.jpg */; };
		CD18CE107A4F24C248160802 /* libPods.a in Frameworks */ = {isa = PBXBuildFile; fileRef = 37E0ABFDC431057BD870682A /* libPods.a */; };
/* End PBXBuildFile section */

/* Begin PBXFileReference section */
		37E0ABFDC431057BD870682A /* libPods.a */ = {isa = PBXFileReference; explicitFileType = archive.ar; includeInIndex = 0; path = libPods.a; sourceTree = BUILT_PRODUCTS_DIR; };
		68BD121DC20884C45E397A8C /* Pods.debug.xcconfig */ = {isa = PBXFileReference; includeInIndex = 1; lastKnownFileType = text.xcconfig; name = Pods.debug.xcconfig; path = "Pods/Target Support Files/Pods/Pods.debug.xcconfig"; sourceTree = "<group>"; };
		A574ABBCF0BE8F0BEF0E4F7E /* Pods.release.xcconfig */ = {isa = PBXFileReference; includeInIndex = 1; lastKnownFileType = text.xcconfig; name = Pods.release.xcconfig; path = "Pods/Target Support Files/Pods/Pods.release.xcconfig"; sourceTree = "<group>"; };
		B5197BB11A99810C00A598FA /* GiftView.h */ = {isa = PBXFileReference; fileEncoding = 4; lastKnownFileType = sourcecode.c.h; path = GiftView.h; sourceTree = "<group>"; };
		B5197BB21A99810C00A598FA /* GiftView.m */ = {isa = PBXFileReference; fileEncoding = 4; lastKnownFileType = sourcecode.c.objc; path = GiftView.m; sourceTree = "<group>"; };
		B5197BB51A99943F00A598FA /* GiftCell.h */ = {isa = PBXFileReference; fileEncoding = 4; lastKnownFileType = sourcecode.c.h; path = GiftCell.h; sourceTree = "<group>"; };
		B5197BB61A99943F00A598FA /* GiftCell.m */ = {isa = PBXFileReference; fileEncoding = 4; lastKnownFileType = sourcecode.c.objc; path = GiftCell.m; sourceTree = "<group>"; };
		B5197BB71A99943F00A598FA /* GiftCell.xib */ = {isa = PBXFileReference; fileEncoding = 4; lastKnownFileType = file.xib; path = GiftCell.xib; sourceTree = "<group>"; };
		B5197BBA1A99955500A598FA /* price.jpg */ = {isa = PBXFileReference; lastKnownFileType = image.jpeg; path = price.jpg; sourceTree = "<group>"; };
		B5197BBC1A9A1A2100A598FA /* Icon.png */ = {isa = PBXFileReference; lastKnownFileType = image.png; path = Icon.png; sourceTree = "<group>"; };
		B5197BBE1A9B08A700A598FA /* DatePickerView.h */ = {isa = PBXFileReference; fileEncoding = 4; lastKnownFileType = sourcecode.c.h; path = DatePickerView.h; sourceTree = "<group>"; };
		B5197BBF1A9B08A700A598FA /* DatePickerView.m */ = {isa = PBXFileReference; fileEncoding = 4; lastKnownFileType = sourcecode.c.objc; path = DatePickerView.m; sourceTree = "<group>"; };
		B54754511A91A5B300C8BEC4 /* DateViewController.h */ = {isa = PBXFileReference; fileEncoding = 4; lastKnownFileType = sourcecode.c.h; path = DateViewController.h; sourceTree = "<group>"; };
		B54754521A91A5B300C8BEC4 /* DateViewController.m */ = {isa = PBXFileReference; fileEncoding = 4; lastKnownFileType = sourcecode.c.objc; path = DateViewController.m; sourceTree = "<group>"; };
		B54754531A91A5B300C8BEC4 /* DateViewController.xib */ = {isa = PBXFileReference; fileEncoding = 4; lastKnownFileType = file.xib; path = DateViewController.xib; sourceTree = "<group>"; };
		B54754561A97105D00C8BEC4 /* MsgShowView.h */ = {isa = PBXFileReference; fileEncoding = 4; lastKnownFileType = sourcecode.c.h; path = MsgShowView.h; sourceTree = "<group>"; };
		B54754571A97105D00C8BEC4 /* MsgShowView.m */ = {isa = PBXFileReference; fileEncoding = 4; lastKnownFileType = sourcecode.c.objc; path = MsgShowView.m; sourceTree = "<group>"; };
		B57EA9E31A623FCD0002B5D3 /* ChooseGirlViewController.h */ = {isa = PBXFileReference; fileEncoding = 4; lastKnownFileType = sourcecode.c.h; path = ChooseGirlViewController.h; sourceTree = "<group>"; };
		B57EA9E41A623FCD0002B5D3 /* ChooseGirlViewController.m */ = {isa = PBXFileReference; fileEncoding = 4; lastKnownFileType = sourcecode.c.objc; path = ChooseGirlViewController.m; sourceTree = "<group>"; };
		B57EA9E51A623FCD0002B5D3 /* ChooseGirlViewController.xib */ = {isa = PBXFileReference; fileEncoding = 4; lastKnownFileType = file.xib; path = ChooseGirlViewController.xib; sourceTree = "<group>"; };
		B57EA9E61A623FCD0002B5D3 /* MainMenuViewController.h */ = {isa = PBXFileReference; fileEncoding = 4; lastKnownFileType = sourcecode.c.h; path = MainMenuViewController.h; sourceTree = "<group>"; };
		B57EA9E71A623FCD0002B5D3 /* MainMenuViewController.m */ = {isa = PBXFileReference; fileEncoding = 4; lastKnownFileType = sourcecode.c.objc; path = MainMenuViewController.m; sourceTree = "<group>"; };
		B57EA9E81A623FCD0002B5D3 /* MainMenuViewController.xib */ = {isa = PBXFileReference; fileEncoding = 4; lastKnownFileType = file.xib; path = MainMenuViewController.xib; sourceTree = "<group>"; };
		B57EA9E91A623FCD0002B5D3 /* StartViewController.h */ = {isa = PBXFileReference; fileEncoding = 4; lastKnownFileType = sourcecode.c.h; path = StartViewController.h; sourceTree = "<group>"; };
		B57EA9EA1A623FCD0002B5D3 /* StartViewController.m */ = {isa = PBXFileReference; fileEncoding = 4; lastKnownFileType = sourcecode.c.objc; path = StartViewController.m; sourceTree = "<group>"; };
		B57EA9EB1A623FCD0002B5D3 /* StartViewController.xib */ = {isa = PBXFileReference; fileEncoding = 4; lastKnownFileType = file.xib; path = StartViewController.xib; sourceTree = "<group>"; };
		B57EA9F21A6240520002B5D3 /* PrefixHeader.pch */ = {isa = PBXFileReference; fileEncoding = 4; lastKnownFileType = sourcecode.c.h; path = PrefixHeader.pch; sourceTree = "<group>"; };
		B57EA9F31A6244C00002B5D3 /* loli.png */ = {isa = PBXFileReference; lastKnownFileType = image.png; path = loli.png; sourceTree = "<group>"; };
		B57EA9F41A6244C00002B5D3 /* maid.png */ = {isa = PBXFileReference; lastKnownFileType = image.png; path = maid.png; sourceTree = "<group>"; };
		B586D4481A3EBFCE004EEE84 /* ForU.app */ = {isa = PBXFileReference; explicitFileType = wrapper.application; includeInIndex = 0; path = ForU.app; sourceTree = BUILT_PRODUCTS_DIR; };
		B586D44C1A3EBFCE004EEE84 /* Info.plist */ = {isa = PBXFileReference; lastKnownFileType = text.plist.xml; path = Info.plist; sourceTree = "<group>"; };
		B586D44D1A3EBFCE004EEE84 /* main.m */ = {isa = PBXFileReference; lastKnownFileType = sourcecode.c.objc; path = main.m; sourceTree = "<group>"; };
		B586D44F1A3EBFCE004EEE84 /* AppDelegate.h */ = {isa = PBXFileReference; lastKnownFileType = sourcecode.c.h; path = AppDelegate.h; sourceTree = "<group>"; };
		B586D4501A3EBFCE004EEE84 /* AppDelegate.m */ = {isa = PBXFileReference; lastKnownFileType = sourcecode.c.objc; path = AppDelegate.m; sourceTree = "<group>"; };
		B586D4581A3EBFCE004EEE84 /* Images.xcassets */ = {isa = PBXFileReference; lastKnownFileType = folder.assetcatalog; path = Images.xcassets; sourceTree = "<group>"; };
		B586D4661A3EBFCE004EEE84 /* Info.plist */ = {isa = PBXFileReference; lastKnownFileType = text.plist.xml; path = Info.plist; sourceTree = "<group>"; };
		B586D4671A3EBFCE004EEE84 /* ForUTests.m */ = {isa = PBXFileReference; lastKnownFileType = sourcecode.c.objc; path = ForUTests.m; sourceTree = "<group>"; };
		B59C8F561A68085200B9E386 /* queen.png */ = {isa = PBXFileReference; lastKnownFileType = image.png; path = queen.png; sourceTree = "<group>"; };
		B59C8F591A6D256F00B9E386 /* SettingView.h */ = {isa = PBXFileReference; fileEncoding = 4; lastKnownFileType = sourcecode.c.h; path = SettingView.h; sourceTree = "<group>"; };
		B59C8F5A1A6D256F00B9E386 /* SettingView.m */ = {isa = PBXFileReference; fileEncoding = 4; lastKnownFileType = sourcecode.c.objc; path = SettingView.m; sourceTree = "<group>"; };
		B59C8F5E1A6D28B900B9E386 /* SettingView.xib */ = {isa = PBXFileReference; fileEncoding = 4; lastKnownFileType = file.xib; path = SettingView.xib; sourceTree = "<group>"; };
		B59C8F611A6D2EFB00B9E386 /* FUPublic.h */ = {isa = PBXFileReference; fileEncoding = 4; lastKnownFileType = sourcecode.c.h; path = FUPublic.h; sourceTree = "<group>"; };
		B59C8F621A6D2EFB00B9E386 /* FUPublic.m */ = {isa = PBXFileReference; fileEncoding = 4; lastKnownFileType = sourcecode.c.objc; path = FUPublic.m; sourceTree = "<group>"; };
		B59C8F641A6D476C00B9E386 /* close.png */ = {isa = PBXFileReference; lastKnownFileType = image.png; path = close.png; sourceTree = "<group>"; };
		B59C8F661A7489C800B9E386 /* StateViewController.h */ = {isa = PBXFileReference; fileEncoding = 4; lastKnownFileType = sourcecode.c.h; path = StateViewController.h; sourceTree = "<group>"; };
		B59C8F671A7489C800B9E386 /* StateViewController.m */ = {isa = PBXFileReference; fileEncoding = 4; lastKnownFileType = sourcecode.c.objc; path = StateViewController.m; sourceTree = "<group>"; };
		B59C8F681A7489C800B9E386 /* StateViewController.xib */ = {isa = PBXFileReference; fileEncoding = 4; lastKnownFileType = file.xib; path = StateViewController.xib; sourceTree = "<group>"; };
		B5A115861A8B008D002ABD7F /* leisure.gif */ = {isa = PBXFileReference; lastKnownFileType = image.gif; path = leisure.gif; sourceTree = "<group>"; };
		B5A115871A8B008D002ABD7F /* sleep.gif */ = {isa = PBXFileReference; lastKnownFileType = image.gif; path = sleep.gif; sourceTree = "<group>"; };
		B5A115881A8B008D002ABD7F /* work.gif */ = {isa = PBXFileReference; lastKnownFileType = image.gif; path = work.gif; sourceTree = "<group>"; };
		B5A1158C1A8B37E9002ABD7F /* FUConstHeader.h */ = {isa = PBXFileReference; lastKnownFileType = sourcecode.c.h; path = FUConstHeader.h; sourceTree = "<group>"; };
		B5A1158D1A8B9129002ABD7F /* TalkViewController.h */ = {isa = PBXFileReference; fileEncoding = 4; lastKnownFileType = sourcecode.c.h; path = TalkViewController.h; sourceTree = "<group>"; };
		B5A1158E1A8B9129002ABD7F /* TalkViewController.m */ = {isa = PBXFileReference; fileEncoding = 4; lastKnownFileType = sourcecode.c.objc; path = TalkViewController.m; sourceTree = "<group>"; };
		B5A1158F1A8B9129002ABD7F /* TalkViewController.xib */ = {isa = PBXFileReference; fileEncoding = 4; lastKnownFileType = file.xib; path = TalkViewController.xib; sourceTree = "<group>"; };
		B5A115921A8BAF95002ABD7F /* 烦躁.png */ = {isa = PBXFileReference; lastKnownFileType = image.png; path = "烦躁.png"; sourceTree = "<group>"; };
		B5A115941A8C8B18002ABD7F /* GirlShowView.h */ = {isa = PBXFileReference; fileEncoding = 4; lastKnownFileType = sourcecode.c.h; path = GirlShowView.h; sourceTree = "<group>"; };
		B5A115951A8C8B18002ABD7F /* GirlShowView.m */ = {isa = PBXFileReference; fileEncoding = 4; lastKnownFileType = sourcecode.c.objc; path = GirlShowView.m; sourceTree = "<group>"; };
		B5A115971A8DD66E002ABD7F /* ChangeValueView.h */ = {isa = PBXFileReference; fileEncoding = 4; lastKnownFileType = sourcecode.c.h; path = ChangeValueView.h; sourceTree = "<group>"; };
		B5A115981A8DD66E002ABD7F /* ChangeValueView.m */ = {isa = PBXFileReference; fileEncoding = 4; lastKnownFileType = sourcecode.c.objc; path = ChangeValueView.m; sourceTree = "<group>"; };
		B5A1159A1A8F06A5002ABD7F /* TalkContentView.h */ = {isa = PBXFileReference; fileEncoding = 4; lastKnownFileType = sourcecode.c.h; path = TalkContentView.h; sourceTree = "<group>"; };
		B5A1159B1A8F06A5002ABD7F /* TalkContentView.m */ = {isa = PBXFileReference; fileEncoding = 4; lastKnownFileType = sourcecode.c.objc; path = TalkContentView.m; sourceTree = "<group>"; };
		B5A1159D1A8F06B6002ABD7F /* TalkContentView.xib */ = {isa = PBXFileReference; fileEncoding = 4; lastKnownFileType = file.xib; path = TalkContentView.xib; sourceTree = "<group>"; };
		B5A1159F1A8F1FE5002ABD7F /* lolihead.png */ = {isa = PBXFileReference; lastKnownFileType = image.png; path = lolihead.png; sourceTree = "<group>"; };
		B5A115A01A8F1FE5002ABD7F /* maidhead.png */ = {isa = PBXFileReference; lastKnownFileType = image.png; path = maidhead.png; sourceTree = "<group>"; };
		B5A115A11A8F1FE5002ABD7F /* queenhead.png */ = {isa = PBXFileReference; lastKnownFileType = image.png; path = queenhead.png; sourceTree = "<group>"; };
		B5BADD4B1A88A54500238649 /* HeaderValueView.h */ = {isa = PBXFileReference; fileEncoding = 4; lastKnownFileType = sourcecode.c.h; path = HeaderValueView.h; sourceTree = "<group>"; };
		B5BADD4C1A88A54600238649 /* HeaderValueView.m */ = {isa = PBXFileReference; fileEncoding = 4; lastKnownFileType = sourcecode.c.objc; path = HeaderValueView.m; sourceTree = "<group>"; };
		B5BADD4E1A88A55B00238649 /* HeaderValueView.xib */ = {isa = PBXFileReference; fileEncoding = 4; lastKnownFileType = file.xib; path = HeaderValueView.xib; sourceTree = "<group>"; };
		B5BADD521A8907F600238649 /* RTWS YueRoundedGothic Demo.otf */ = {isa = PBXFileReference; lastKnownFileType = file; path = "RTWS YueRoundedGothic Demo.otf"; sourceTree = "<group>"; };
		B5BADD531A89095700238649 /* msyh.ttf */ = {isa = PBXFileReference; lastKnownFileType = file; path = msyh.ttf; sourceTree = "<group>"; };
		B5BADD571A89ABBA00238649 /* 伤心.png */ = {isa = PBXFileReference; lastKnownFileType = image.png; path = "伤心.png"; sourceTree = "<group>"; };
		B5BADD581A89ABBA00238649 /* 害羞.png */ = {isa = PBXFileReference; lastKnownFileType = image.png; path = "害羞.png"; sourceTree = "<group>"; };
		B5BADD591A89ABBA00238649 /* 平静.png */ = {isa = PBXFileReference; lastKnownFileType = image.png; path = "平静.png"; sourceTree = "<group>"; };
		B5BADD5A1A89ABBA00238649 /* 开心.png */ = {isa = PBXFileReference; lastKnownFileType = image.png; path = "开心.png"; sourceTree = "<group>"; };
		B5BADD5B1A89ABBA00238649 /* 撒娇.png */ = {isa = PBXFileReference; lastKnownFileType = image.png; path = "撒娇.png"; sourceTree = "<group>"; };
		B5BADD5C1A89ABBA00238649 /* 生气.png */ = {isa = PBXFileReference; lastKnownFileType = image.png; path = "生气.png"; sourceTree = "<group>"; };
		B5BADD5D1A89ABBA00238649 /* 紧张.png */ = {isa = PBXFileReference; lastKnownFileType = image.png; path = "紧张.png"; sourceTree = "<group>"; };
		B5BADD651A89ACC200238649 /* IOI.png */ = {isa = PBXFileReference; lastKnownFileType = image.png; path = IOI.png; sourceTree = "<group>"; };
		B5CB844B1A400AF100F3D9B1 /* FUApplication.h */ = {isa = PBXFileReference; fileEncoding = 4; lastKnownFileType = sourcecode.c.h; path = FUApplication.h; sourceTree = "<group>"; };
		B5CB844C1A400AF100F3D9B1 /* FUApplication.mm */ = {isa = PBXFileReference; fileEncoding = 4; lastKnownFileType = sourcecode.cpp.objcpp; path = FUApplication.mm; sourceTree = "<group>"; };
		B5CB844F1A400DD800F3D9B1 /* Application.cpp */ = {isa = PBXFileReference; fileEncoding = 4; lastKnownFileType = sourcecode.cpp.cpp; path = Application.cpp; sourceTree = "<group>"; };
		B5CB84501A400DD800F3D9B1 /* Application.h */ = {isa = PBXFileReference; fileEncoding = 4; lastKnownFileType = sourcecode.c.h; path = Application.h; sourceTree = "<group>"; };
		B5CB845D1A400DD800F3D9B1 /* ActionBody.cpp */ = {isa = PBXFileReference; fileEncoding = 4; lastKnownFileType = sourcecode.cpp.cpp; path = ActionBody.cpp; sourceTree = "<group>"; };
		B5CB845E1A400DD800F3D9B1 /* ActionBody.h */ = {isa = PBXFileReference; fileEncoding = 4; lastKnownFileType = sourcecode.c.h; path = ActionBody.h; sourceTree = "<group>"; };
		B5CB845F1A400DD800F3D9B1 /* ActionEye.cpp */ = {isa = PBXFileReference; fileEncoding = 4; lastKnownFileType = sourcecode.cpp.cpp; path = ActionEye.cpp; sourceTree = "<group>"; };
		B5CB84601A400DD800F3D9B1 /* ActionEye.h */ = {isa = PBXFileReference; fileEncoding = 4; lastKnownFileType = sourcecode.c.h; path = ActionEye.h; sourceTree = "<group>"; };
		B5CB84611A400DD800F3D9B1 /* ActionTalk.cpp */ = {isa = PBXFileReference; fileEncoding = 4; lastKnownFileType = sourcecode.cpp.cpp; path = ActionTalk.cpp; sourceTree = "<group>"; };
		B5CB84621A400DD800F3D9B1 /* ActionTalk.h */ = {isa = PBXFileReference; fileEncoding = 4; lastKnownFileType = sourcecode.c.h; path = ActionTalk.h; sourceTree = "<group>"; };
		B5CB84641A400DD800F3D9B1 /* DateBase.cpp */ = {isa = PBXFileReference; fileEncoding = 4; lastKnownFileType = sourcecode.cpp.cpp; path = DateBase.cpp; sourceTree = "<group>"; };
		B5CB84651A400DD800F3D9B1 /* DateBase.h */ = {isa = PBXFileReference; fileEncoding = 4; lastKnownFileType = sourcecode.c.h; path = DateBase.h; sourceTree = "<group>"; };
		B5CB84661A400DD800F3D9B1 /* DateEat.cpp */ = {isa = PBXFileReference; fileEncoding = 4; lastKnownFileType = sourcecode.cpp.cpp; path = DateEat.cpp; sourceTree = "<group>"; };
		B5CB84671A400DD800F3D9B1 /* DateEat.h */ = {isa = PBXFileReference; fileEncoding = 4; lastKnownFileType = sourcecode.c.h; path = DateEat.h; sourceTree = "<group>"; };
		B5CB84681A400DD800F3D9B1 /* DateFilm.cpp */ = {isa = PBXFileReference; fileEncoding = 4; lastKnownFileType = sourcecode.cpp.cpp; path = DateFilm.cpp; sourceTree = "<group>"; };
		B5CB84691A400DD800F3D9B1 /* DateFilm.h */ = {isa = PBXFileReference; fileEncoding = 4; lastKnownFileType = sourcecode.c.h; path = DateFilm.h; sourceTree = "<group>"; };
		B5CB846A1A400DD800F3D9B1 /* DatePark.cpp */ = {isa = PBXFileReference; fileEncoding = 4; lastKnownFileType = sourcecode.cpp.cpp; path = DatePark.cpp; sourceTree = "<group>"; };
		B5CB846B1A400DD800F3D9B1 /* DatePark.h */ = {isa = PBXFileReference; fileEncoding = 4; lastKnownFileType = sourcecode.c.h; path = DatePark.h; sourceTree = "<group>"; };
		B5CB846C1A400DD800F3D9B1 /* DateWalk.cpp */ = {isa = PBXFileReference; fileEncoding = 4; lastKnownFileType = sourcecode.cpp.cpp; path = DateWalk.cpp; sourceTree = "<group>"; };
		B5CB846D1A400DD800F3D9B1 /* DateWalk.h */ = {isa = PBXFileReference; fileEncoding = 4; lastKnownFileType = sourcecode.c.h; path = DateWalk.h; sourceTree = "<group>"; };
		B5CB846E1A400DD800F3D9B1 /* DateIOI.cpp */ = {isa = PBXFileReference; fileEncoding = 4; lastKnownFileType = sourcecode.cpp.cpp; path = DateIOI.cpp; sourceTree = "<group>"; };
		B5CB846F1A400DD800F3D9B1 /* DateIOI.h */ = {isa = PBXFileReference; fileEncoding = 4; lastKnownFileType = sourcecode.c.h; path = DateIOI.h; sourceTree = "<group>"; };
		B5CB84701A400DD800F3D9B1 /* DateLove.cpp */ = {isa = PBXFileReference; fileEncoding = 4; lastKnownFileType = sourcecode.cpp.cpp; path = DateLove.cpp; sourceTree = "<group>"; };
		B5CB84711A400DD800F3D9B1 /* DateLove.h */ = {isa = PBXFileReference; fileEncoding = 4; lastKnownFileType = sourcecode.c.h; path = DateLove.h; sourceTree = "<group>"; };
		B5CB84721A400DD800F3D9B1 /* DateNoLove.cpp */ = {isa = PBXFileReference; fileEncoding = 4; lastKnownFileType = sourcecode.cpp.cpp; path = DateNoLove.cpp; sourceTree = "<group>"; };
		B5CB84731A400DD800F3D9B1 /* DateNoLove.h */ = {isa = PBXFileReference; fileEncoding = 4; lastKnownFileType = sourcecode.c.h; path = DateNoLove.h; sourceTree = "<group>"; };
		B5CB84751A400DD800F3D9B1 /* Event.cpp */ = {isa = PBXFileReference; fileEncoding = 4; lastKnownFileType = sourcecode.cpp.cpp; path = Event.cpp; sourceTree = "<group>"; };
		B5CB84761A400DD800F3D9B1 /* Event.h */ = {isa = PBXFileReference; fileEncoding = 4; lastKnownFileType = sourcecode.c.h; path = Event.h; sourceTree = "<group>"; };
		B5CB84781A400DD800F3D9B1 /* Gift.cpp */ = {isa = PBXFileReference; fileEncoding = 4; lastKnownFileType = sourcecode.cpp.cpp; path = Gift.cpp; sourceTree = "<group>"; };
		B5CB84791A400DD800F3D9B1 /* Gift.h */ = {isa = PBXFileReference; fileEncoding = 4; lastKnownFileType = sourcecode.c.h; path = Gift.h; sourceTree = "<group>"; };
		B5CB847A1A400DD800F3D9B1 /* Interaction.cpp */ = {isa = PBXFileReference; fileEncoding = 4; lastKnownFileType = sourcecode.cpp.cpp; path = Interaction.cpp; sourceTree = "<group>"; };
		B5CB847B1A400DD800F3D9B1 /* Interaction.h */ = {isa = PBXFileReference; fileEncoding = 4; lastKnownFileType = sourcecode.c.h; path = Interaction.h; sourceTree = "<group>"; };
		B5CB847C1A400DD800F3D9B1 /* LeisureIOILove.cpp */ = {isa = PBXFileReference; fileEncoding = 4; lastKnownFileType = sourcecode.cpp.cpp; path = LeisureIOILove.cpp; sourceTree = "<group>"; };
		B5CB847D1A400DD800F3D9B1 /* LeisureIOILove.h */ = {isa = PBXFileReference; fileEncoding = 4; lastKnownFileType = sourcecode.c.h; path = LeisureIOILove.h; sourceTree = "<group>"; };
		B5CB847E1A400DD800F3D9B1 /* LeisureIOINoLove.cpp */ = {isa = PBXFileReference; fileEncoding = 4; lastKnownFileType = sourcecode.cpp.cpp; path = LeisureIOINoLove.cpp; sourceTree = "<group>"; };
		B5CB847F1A400DD800F3D9B1 /* LeisureIOINoLove.h */ = {isa = PBXFileReference; fileEncoding = 4; lastKnownFileType = sourcecode.c.h; path = LeisureIOINoLove.h; sourceTree = "<group>"; };
		B5CB84801A400DD800F3D9B1 /* LeisureTalkLove.cpp */ = {isa = PBXFileReference; fileEncoding = 4; lastKnownFileType = sourcecode.cpp.cpp; path = LeisureTalkLove.cpp; sourceTree = "<group>"; };
		B5CB84811A400DD800F3D9B1 /* LeisureTalkLove.h */ = {isa = PBXFileReference; fileEncoding = 4; lastKnownFileType = sourcecode.c.h; path = LeisureTalkLove.h; sourceTree = "<group>"; };
		B5CB84821A400DD800F3D9B1 /* LeisureTalkNoLove.cpp */ = {isa = PBXFileReference; fileEncoding = 4; lastKnownFileType = sourcecode.cpp.cpp; path = LeisureTalkNoLove.cpp; sourceTree = "<group>"; };
		B5CB84831A400DD800F3D9B1 /* LeisureTalkNoLove.h */ = {isa = PBXFileReference; fileEncoding = 4; lastKnownFileType = sourcecode.c.h; path = LeisureTalkNoLove.h; sourceTree = "<group>"; };
		B5CB84851A400DD800F3D9B1 /* Story.cpp */ = {isa = PBXFileReference; fileEncoding = 4; lastKnownFileType = sourcecode.cpp.cpp; path = Story.cpp; sourceTree = "<group>"; };
		B5CB84861A400DD800F3D9B1 /* Story.h */ = {isa = PBXFileReference; fileEncoding = 4; lastKnownFileType = sourcecode.c.h; path = Story.h; sourceTree = "<group>"; };
		B5CB84871A400DD800F3D9B1 /* WorkHelpLove.cpp */ = {isa = PBXFileReference; fileEncoding = 4; lastKnownFileType = sourcecode.cpp.cpp; path = WorkHelpLove.cpp; sourceTree = "<group>"; };
		B5CB84881A400DD800F3D9B1 /* WorkHelpLove.h */ = {isa = PBXFileReference; fileEncoding = 4; lastKnownFileType = sourcecode.c.h; path = WorkHelpLove.h; sourceTree = "<group>"; };
		B5CB84891A400DD800F3D9B1 /* WorkHelpNoLove.cpp */ = {isa = PBXFileReference; fileEncoding = 4; lastKnownFileType = sourcecode.cpp.cpp; path = WorkHelpNoLove.cpp; sourceTree = "<group>"; };
		B5CB848A1A400DD800F3D9B1 /* WorkHelpNoLove.h */ = {isa = PBXFileReference; fileEncoding = 4; lastKnownFileType = sourcecode.c.h; path = WorkHelpNoLove.h; sourceTree = "<group>"; };
		B5CB848B1A400DD800F3D9B1 /* WorkIOILove.cpp */ = {isa = PBXFileReference; fileEncoding = 4; lastKnownFileType = sourcecode.cpp.cpp; path = WorkIOILove.cpp; sourceTree = "<group>"; };
		B5CB848C1A400DD800F3D9B1 /* WorkIOILove.h */ = {isa = PBXFileReference; fileEncoding = 4; lastKnownFileType = sourcecode.c.h; path = WorkIOILove.h; sourceTree = "<group>"; };
		B5CB848D1A400DD800F3D9B1 /* WorkIOINoLove.cpp */ = {isa = PBXFileReference; fileEncoding = 4; lastKnownFileType = sourcecode.cpp.cpp; path = WorkIOINoLove.cpp; sourceTree = "<group>"; };
		B5CB848E1A400DD800F3D9B1 /* WorkIOINoLove.h */ = {isa = PBXFileReference; fileEncoding = 4; lastKnownFileType = sourcecode.c.h; path = WorkIOINoLove.h; sourceTree = "<group>"; };
		B5CB848F1A400DD800F3D9B1 /* WorkMeetNoLove.cpp */ = {isa = PBXFileReference; fileEncoding = 4; lastKnownFileType = sourcecode.cpp.cpp; path = WorkMeetNoLove.cpp; sourceTree = "<group>"; };
		B5CB84901A400DD800F3D9B1 /* WorkMeetNoLove.h */ = {isa = PBXFileReference; fileEncoding = 4; lastKnownFileType = sourcecode.c.h; path = WorkMeetNoLove.h; sourceTree = "<group>"; };
		B5CB84911A400DD800F3D9B1 /* WorkTalkLove.cpp */ = {isa = PBXFileReference; fileEncoding = 4; lastKnownFileType = sourcecode.cpp.cpp; path = WorkTalkLove.cpp; sourceTree = "<group>"; };
		B5CB84921A400DD800F3D9B1 /* WorkTalkLove.h */ = {isa = PBXFileReference; fileEncoding = 4; lastKnownFileType = sourcecode.c.h; path = WorkTalkLove.h; sourceTree = "<group>"; };
		B5CB84931A400DD800F3D9B1 /* WorkTalkNoLove.cpp */ = {isa = PBXFileReference; fileEncoding = 4; lastKnownFileType = sourcecode.cpp.cpp; path = WorkTalkNoLove.cpp; sourceTree = "<group>"; };
		B5CB84941A400DD800F3D9B1 /* WorkTalkNoLove.h */ = {isa = PBXFileReference; fileEncoding = 4; lastKnownFileType = sourcecode.c.h; path = WorkTalkNoLove.h; sourceTree = "<group>"; };
		B5CB84971A400DD800F3D9B1 /* Notify.cpp */ = {isa = PBXFileReference; fileEncoding = 4; lastKnownFileType = sourcecode.cpp.cpp; path = Notify.cpp; sourceTree = "<group>"; };
		B5CB84981A400DD800F3D9B1 /* Notify.h */ = {isa = PBXFileReference; fileEncoding = 4; lastKnownFileType = sourcecode.c.h; path = Notify.h; sourceTree = "<group>"; };
		B5CB849B1A400DD800F3D9B1 /* Favorite.cpp */ = {isa = PBXFileReference; fileEncoding = 4; lastKnownFileType = sourcecode.cpp.cpp; path = Favorite.cpp; sourceTree = "<group>"; };
		B5CB849C1A400DD800F3D9B1 /* Favorite.h */ = {isa = PBXFileReference; fileEncoding = 4; lastKnownFileType = sourcecode.c.h; path = Favorite.h; sourceTree = "<group>"; };
		B5CB849D1A400DD800F3D9B1 /* Girl.cpp */ = {isa = PBXFileReference; fileEncoding = 4; lastKnownFileType = sourcecode.cpp.cpp; path = Girl.cpp; sourceTree = "<group>"; };
		B5CB849E1A400DD800F3D9B1 /* Girl.h */ = {isa = PBXFileReference; fileEncoding = 4; lastKnownFileType = sourcecode.c.h; path = Girl.h; sourceTree = "<group>"; };
		B5CB849F1A400DD800F3D9B1 /* Mood.cpp */ = {isa = PBXFileReference; fileEncoding = 4; lastKnownFileType = sourcecode.cpp.cpp; path = Mood.cpp; sourceTree = "<group>"; };
		B5CB84A01A400DD800F3D9B1 /* Mood.h */ = {isa = PBXFileReference; fileEncoding = 4; lastKnownFileType = sourcecode.c.h; path = Mood.h; sourceTree = "<group>"; };
		B5CB84A11A400DD800F3D9B1 /* PersonBase.cpp */ = {isa = PBXFileReference; fileEncoding = 4; lastKnownFileType = sourcecode.cpp.cpp; path = PersonBase.cpp; sourceTree = "<group>"; };
		B5CB84A21A400DD800F3D9B1 /* PersonBase.h */ = {isa = PBXFileReference; fileEncoding = 4; lastKnownFileType = sourcecode.c.h; path = PersonBase.h; sourceTree = "<group>"; };
		B5CB84A31A400DD800F3D9B1 /* Player.cpp */ = {isa = PBXFileReference; fileEncoding = 4; lastKnownFileType = sourcecode.cpp.cpp; path = Player.cpp; sourceTree = "<group>"; };
		B5CB84A41A400DD800F3D9B1 /* Player.h */ = {isa = PBXFileReference; fileEncoding = 4; lastKnownFileType = sourcecode.c.h; path = Player.h; sourceTree = "<group>"; };
		B5CB84A61A400DD800F3D9B1 /* Save.cpp */ = {isa = PBXFileReference; fileEncoding = 4; lastKnownFileType = sourcecode.cpp.cpp; path = Save.cpp; sourceTree = "<group>"; };
		B5CB84A71A400DD800F3D9B1 /* Save.h */ = {isa = PBXFileReference; fileEncoding = 4; lastKnownFileType = sourcecode.c.h; path = Save.h; sourceTree = "<group>"; };
		B5CB84A91A400DD800F3D9B1 /* Status.cpp */ = {isa = PBXFileReference; fileEncoding = 4; lastKnownFileType = sourcecode.cpp.cpp; path = Status.cpp; sourceTree = "<group>"; };
		B5CB84AA1A400DD800F3D9B1 /* Status.h */ = {isa = PBXFileReference; fileEncoding = 4; lastKnownFileType = sourcecode.c.h; path = Status.h; sourceTree = "<group>"; };
		B5CB84AB1A400DD800F3D9B1 /* StatusController.cpp */ = {isa = PBXFileReference; fileEncoding = 4; lastKnownFileType = sourcecode.cpp.cpp; path = StatusController.cpp; sourceTree = "<group>"; };
		B5CB84AC1A400DD800F3D9B1 /* StatusController.h */ = {isa = PBXFileReference; fileEncoding = 4; lastKnownFileType = sourcecode.c.h; path = StatusController.h; sourceTree = "<group>"; };
		B5CB84AD1A400DD800F3D9B1 /* StatusLeisure.cpp */ = {isa = PBXFileReference; fileEncoding = 4; lastKnownFileType = sourcecode.cpp.cpp; path = StatusLeisure.cpp; sourceTree = "<group>"; };
		B5CB84AE1A400DD800F3D9B1 /* StatusLeisure.h */ = {isa = PBXFileReference; fileEncoding = 4; lastKnownFileType = sourcecode.c.h; path = StatusLeisure.h; sourceTree = "<group>"; };
		B5CB84AF1A400DD800F3D9B1 /* StatusSleep.cpp */ = {isa = PBXFileReference; fileEncoding = 4; lastKnownFileType = sourcecode.cpp.cpp; path = StatusSleep.cpp; sourceTree = "<group>"; };
		B5CB84B01A400DD800F3D9B1 /* StatusSleep.h */ = {isa = PBXFileReference; fileEncoding = 4; lastKnownFileType = sourcecode.c.h; path = StatusSleep.h; sourceTree = "<group>"; };
		B5CB84B11A400DD800F3D9B1 /* StatusWork.cpp */ = {isa = PBXFileReference; fileEncoding = 4; lastKnownFileType = sourcecode.cpp.cpp; path = StatusWork.cpp; sourceTree = "<group>"; };
		B5CB84B21A400DD800F3D9B1 /* StatusWork.h */ = {isa = PBXFileReference; fileEncoding = 4; lastKnownFileType = sourcecode.c.h; path = StatusWork.h; sourceTree = "<group>"; };
		B5CB84B41A400DD800F3D9B1 /* Constant.mm */ = {isa = PBXFileReference; fileEncoding = 4; lastKnownFileType = sourcecode.cpp.objcpp; path = Constant.mm; sourceTree = "<group>"; };
		B5CB84B51A400DD800F3D9B1 /* Constant.h */ = {isa = PBXFileReference; fileEncoding = 4; lastKnownFileType = sourcecode.c.h; path = Constant.h; sourceTree = "<group>"; };
		B5CB84B61A400DD800F3D9B1 /* Header.h */ = {isa = PBXFileReference; fileEncoding = 4; lastKnownFileType = sourcecode.c.h; path = Header.h; sourceTree = "<group>"; };
		B5CB84B71A400DD800F3D9B1 /* Log.cpp */ = {isa = PBXFileReference; fileEncoding = 4; lastKnownFileType = sourcecode.cpp.cpp; path = Log.cpp; sourceTree = "<group>"; };
		B5CB84B81A400DD800F3D9B1 /* Log.h */ = {isa = PBXFileReference; fileEncoding = 4; lastKnownFileType = sourcecode.c.h; path = Log.h; sourceTree = "<group>"; };
		B5CB84B91A400DD800F3D9B1 /* Oberserver.cpp */ = {isa = PBXFileReference; fileEncoding = 4; lastKnownFileType = sourcecode.cpp.cpp; path = Oberserver.cpp; sourceTree = "<group>"; };
		B5CB84BA1A400DD800F3D9B1 /* Oberserver.h */ = {isa = PBXFileReference; fileEncoding = 4; lastKnownFileType = sourcecode.c.h; path = Oberserver.h; sourceTree = "<group>"; };
		B5CB84BB1A400DD800F3D9B1 /* Serializ.cpp */ = {isa = PBXFileReference; fileEncoding = 4; lastKnownFileType = sourcecode.cpp.cpp; path = Serializ.cpp; sourceTree = "<group>"; };
		B5CB84BC1A400DD800F3D9B1 /* Serializ.h */ = {isa = PBXFileReference; fileEncoding = 4; lastKnownFileType = sourcecode.c.h; path = Serializ.h; sourceTree = "<group>"; };
		B5CB84BD1A400DD800F3D9B1 /* Singleton.cpp */ = {isa = PBXFileReference; fileEncoding = 4; lastKnownFileType = sourcecode.cpp.cpp; path = Singleton.cpp; sourceTree = "<group>"; };
		B5CB84BE1A400DD800F3D9B1 /* Singleton.h */ = {isa = PBXFileReference; fileEncoding = 4; lastKnownFileType = sourcecode.c.h; path = Singleton.h; sourceTree = "<group>"; };
		B5CB84BF1A400DD800F3D9B1 /* Time.cpp */ = {isa = PBXFileReference; fileEncoding = 4; lastKnownFileType = sourcecode.cpp.cpp; path = Time.cpp; sourceTree = "<group>"; };
		B5CB84C01A400DD800F3D9B1 /* Time.h */ = {isa = PBXFileReference; fileEncoding = 4; lastKnownFileType = sourcecode.c.h; path = Time.h; sourceTree = "<group>"; };
		B5CB84C11A400DD800F3D9B1 /* Xml.cpp */ = {isa = PBXFileReference; fileEncoding = 4; lastKnownFileType = sourcecode.cpp.cpp; path = Xml.cpp; sourceTree = "<group>"; };
		B5CB84C21A400DD800F3D9B1 /* Xml.h */ = {isa = PBXFileReference; fileEncoding = 4; lastKnownFileType = sourcecode.c.h; path = Xml.h; sourceTree = "<group>"; };
		B5CB84FA1A4010F900F3D9B1 /* main.m */ = {isa = PBXFileReference; fileEncoding = 4; lastKnownFileType = sourcecode.c.objc; name = main.m; path = ForU/main.m; sourceTree = SOURCE_ROOT; };
		B5CB84FD1A40124C00F3D9B1 /* UIKit.framework */ = {isa = PBXFileReference; lastKnownFileType = wrapper.framework; name = UIKit.framework; path = System/Library/Frameworks/UIKit.framework; sourceTree = SDKROOT; };
		B5CB84FF1A40126500F3D9B1 /* Foundation.framework */ = {isa = PBXFileReference; lastKnownFileType = wrapper.framework; name = Foundation.framework; path = System/Library/Frameworks/Foundation.framework; sourceTree = SDKROOT; };
		B5D0A1651A4198AC0059A685 /* FUAlertView.h */ = {isa = PBXFileReference; fileEncoding = 4; lastKnownFileType = sourcecode.c.h; path = FUAlertView.h; sourceTree = "<group>"; };
		B5D0A1661A4198AC0059A685 /* FUAlertView.m */ = {isa = PBXFileReference; fileEncoding = 4; lastKnownFileType = sourcecode.c.objc; path = FUAlertView.m; sourceTree = "<group>"; };
		B5E2132C1A41BA11001735F7 /* QuartzCore.framework */ = {isa = PBXFileReference; lastKnownFileType = wrapper.framework; name = QuartzCore.framework; path = System/Library/Frameworks/QuartzCore.framework; sourceTree = SDKROOT; };
		B5E2132E1A41C05B001735F7 /* FUListView.h */ = {isa = PBXFileReference; fileEncoding = 4; lastKnownFileType = sourcecode.c.h; path = FUListView.h; sourceTree = "<group>"; };
		B5E2132F1A41C05B001735F7 /* FUListView.m */ = {isa = PBXFileReference; fileEncoding = 4; lastKnownFileType = sourcecode.c.objc; path = FUListView.m; sourceTree = "<group>"; };
		B5E213311A41C07A001735F7 /* FUListView.xib */ = {isa = PBXFileReference; fileEncoding = 4; lastKnownFileType = file.xib; path = FUListView.xib; sourceTree = "<group>"; };
		B5F184161A6424DE007C9558 /* AddressMapViewController.h */ = {isa = PBXFileReference; fileEncoding = 4; lastKnownFileType = sourcecode.c.h; path = AddressMapViewController.h; sourceTree = "<group>"; };
		B5F184171A6424DE007C9558 /* AddressMapViewController.m */ = {isa = PBXFileReference; fileEncoding = 4; lastKnownFileType = sourcecode.c.objc; path = AddressMapViewController.m; sourceTree = "<group>"; };
		B5F184181A6424DE007C9558 /* AddressMapViewController.xib */ = {isa = PBXFileReference; fileEncoding = 4; lastKnownFileType = file.xib; path = AddressMapViewController.xib; sourceTree = "<group>"; };
		B5F1841B1A64255F007C9558 /* MapKit.framework */ = {isa = PBXFileReference; lastKnownFileType = wrapper.framework; name = MapKit.framework; path = System/Library/Frameworks/MapKit.framework; sourceTree = SDKROOT; };
		B5F1841D1A6425E3007C9558 /* CoreLocation.framework */ = {isa = PBXFileReference; lastKnownFileType = wrapper.framework; name = CoreLocation.framework; path = System/Library/Frameworks/CoreLocation.framework; sourceTree = SDKROOT; };
		B5F184201A642A5E007C9558 /* AddressPin.h */ = {isa = PBXFileReference; fileEncoding = 4; lastKnownFileType = sourcecode.c.h; path = AddressPin.h; sourceTree = "<group>"; };
		B5F184211A642A5E007C9558 /* AddressPin.m */ = {isa = PBXFileReference; fileEncoding = 4; lastKnownFileType = sourcecode.c.objc; path = AddressPin.m; sourceTree = "<group>"; };
		B5F3BD3B1A41D8B5001E7CCA /* SvGifView.h */ = {isa = PBXFileReference; fileEncoding = 4; lastKnownFileType = sourcecode.c.h; path = SvGifView.h; sourceTree = "<group>"; };
		B5F3BD3C1A41D8B5001E7CCA /* SvGifView.m */ = {isa = PBXFileReference; fileEncoding = 4; lastKnownFileType = sourcecode.c.objc; path = SvGifView.m; sourceTree = "<group>"; };
		B5F3BD3E1A41D924001E7CCA /* ImageIO.framework */ = {isa = PBXFileReference; lastKnownFileType = wrapper.framework; name = ImageIO.framework; path = System/Library/Frameworks/ImageIO.framework; sourceTree = SDKROOT; };
		B5F3BD401A41D934001E7CCA /* CoreFoundation.framework */ = {isa = PBXFileReference; lastKnownFileType = wrapper.framework; name = CoreFoundation.framework; path = System/Library/Frameworks/CoreFoundation.framework; sourceTree = SDKROOT; };
		B5F3BD421A41D9D0001E7CCA /* CoreGraphics.framework */ = {isa = PBXFileReference; lastKnownFileType = wrapper.framework; name = CoreGraphics.framework; path = System/Library/Frameworks/CoreGraphics.framework; sourceTree = SDKROOT; };
		B5F3BD441A41DA17001E7CCA /* FULoadingView.h */ = {isa = PBXFileReference; fileEncoding = 4; lastKnownFileType = sourcecode.c.h; path = FULoadingView.h; sourceTree = "<group>"; };
		B5F3BD451A41DA17001E7CCA /* FULoadingView.m */ = {isa = PBXFileReference; fileEncoding = 4; lastKnownFileType = sourcecode.c.objc; path = FULoadingView.m; sourceTree = "<group>"; };
		B5F3BD501A42768D001E7CCA /* FUPhotoView.h */ = {isa = PBXFileReference; fileEncoding = 4; lastKnownFileType = sourcecode.c.h; path = FUPhotoView.h; sourceTree = "<group>"; };
		B5F3BD511A42768D001E7CCA /* FUPhotoView.m */ = {isa = PBXFileReference; fileEncoding = 4; lastKnownFileType = sourcecode.c.objc; path = FUPhotoView.m; sourceTree = "<group>"; };
		B5F3BD5C1A429833001E7CCA /* Image.bundle */ = {isa = PBXFileReference; lastKnownFileType = "wrapper.plug-in"; path = Image.bundle; sourceTree = "<group>"; };
		B5F3BD621A4A9D51001E7CCA /* Data.bundle */ = {isa = PBXFileReference; lastKnownFileType = "wrapper.plug-in"; path = Data.bundle; sourceTree = "<group>"; };
		B5F3BD701A4FB471001E7CCA /* start.jpg */ = {isa = PBXFileReference; lastKnownFileType = image.jpeg; path = start.jpg; sourceTree = "<group>"; };
/* End PBXFileReference section */

/* Begin PBXFrameworksBuildPhase section */
		B586D4451A3EBFCE004EEE84 /* Frameworks */ = {
			isa = PBXFrameworksBuildPhase;
			buildActionMask = 2147483647;
			files = (
				B5F1841E1A6425E3007C9558 /* CoreLocation.framework in Frameworks */,
				B5F1841C1A64255F007C9558 /* MapKit.framework in Frameworks */,
				B5F3BD431A41D9D0001E7CCA /* CoreGraphics.framework in Frameworks */,
				B5F3BD411A41D934001E7CCA /* CoreFoundation.framework in Frameworks */,
				B5CB85001A40126500F3D9B1 /* Foundation.framework in Frameworks */,
				B5F3BD3F1A41D924001E7CCA /* ImageIO.framework in Frameworks */,
				B5E2132D1A41BA11001735F7 /* QuartzCore.framework in Frameworks */,
				B5CB84FE1A40124C00F3D9B1 /* UIKit.framework in Frameworks */,
				CD18CE107A4F24C248160802 /* libPods.a in Frameworks */,
			);
			runOnlyForDeploymentPostprocessing = 0;
		};
/* End PBXFrameworksBuildPhase section */

/* Begin PBXGroup section */
		3E57BB7A2A254C9EB12AE34F /* Frameworks */ = {
			isa = PBXGroup;
			children = (
				B5F1841D1A6425E3007C9558 /* CoreLocation.framework */,
				B5F1841B1A64255F007C9558 /* MapKit.framework */,
				37E0ABFDC431057BD870682A /* libPods.a */,
			);
			name = Frameworks;
			sourceTree = "<group>";
		};
		AE5851C510CC941C6507672F /* Pods */ = {
			isa = PBXGroup;
			children = (
				68BD121DC20884C45E397A8C /* Pods.debug.xcconfig */,
				A574ABBCF0BE8F0BEF0E4F7E /* Pods.release.xcconfig */,
			);
			name = Pods;
			sourceTree = "<group>";
		};
		B5197BB41A99942900A598FA /* TableCell */ = {
			isa = PBXGroup;
			children = (
				B5197BB51A99943F00A598FA /* GiftCell.h */,
				B5197BB61A99943F00A598FA /* GiftCell.m */,
				B5197BB71A99943F00A598FA /* GiftCell.xib */,
			);
			path = TableCell;
			sourceTree = "<group>";
		};
		B57EA9E21A623FCD0002B5D3 /* ViewController */ = {
			isa = PBXGroup;
			children = (
				B57EA9E31A623FCD0002B5D3 /* ChooseGirlViewController.h */,
				B57EA9E41A623FCD0002B5D3 /* ChooseGirlViewController.m */,
				B57EA9E51A623FCD0002B5D3 /* ChooseGirlViewController.xib */,
				B57EA9E61A623FCD0002B5D3 /* MainMenuViewController.h */,
				B57EA9E71A623FCD0002B5D3 /* MainMenuViewController.m */,
				B57EA9E81A623FCD0002B5D3 /* MainMenuViewController.xib */,
				B57EA9E91A623FCD0002B5D3 /* StartViewController.h */,
				B57EA9EA1A623FCD0002B5D3 /* StartViewController.m */,
				B57EA9EB1A623FCD0002B5D3 /* StartViewController.xib */,
				B5F184161A6424DE007C9558 /* AddressMapViewController.h */,
				B5F184171A6424DE007C9558 /* AddressMapViewController.m */,
				B5F184181A6424DE007C9558 /* AddressMapViewController.xib */,
				B59C8F661A7489C800B9E386 /* StateViewController.h */,
				B59C8F671A7489C800B9E386 /* StateViewController.m */,
				B59C8F681A7489C800B9E386 /* StateViewController.xib */,
				B5A1158D1A8B9129002ABD7F /* TalkViewController.h */,
				B5A1158E1A8B9129002ABD7F /* TalkViewController.m */,
				B5A1158F1A8B9129002ABD7F /* TalkViewController.xib */,
				B54754511A91A5B300C8BEC4 /* DateViewController.h */,
				B54754521A91A5B300C8BEC4 /* DateViewController.m */,
				B54754531A91A5B300C8BEC4 /* DateViewController.xib */,
			);
			path = ViewController;
			sourceTree = "<group>";
		};
		B586D43F1A3EBFCD004EEE84 = {
			isa = PBXGroup;
			children = (
				B5CB85011A40127700F3D9B1 /* framework */,
				B5CB844E1A400DD800F3D9B1 /* Core */,
				B586D4721A3EC069004EEE84 /* MiddleWare */,
				B586D44A1A3EBFCE004EEE84 /* ForU */,
				B586D4641A3EBFCE004EEE84 /* ForUTests */,
				B586D4491A3EBFCE004EEE84 /* Products */,
				AE5851C510CC941C6507672F /* Pods */,
				3E57BB7A2A254C9EB12AE34F /* Frameworks */,
			);
			sourceTree = "<group>";
		};
		B586D4491A3EBFCE004EEE84 /* Products */ = {
			isa = PBXGroup;
			children = (
				B586D4481A3EBFCE004EEE84 /* ForU.app */,
			);
			name = Products;
			sourceTree = "<group>";
		};
		B586D44A1A3EBFCE004EEE84 /* ForU */ = {
			isa = PBXGroup;
			children = (
				B5197BB41A99942900A598FA /* TableCell */,
				B59C8F601A6D2EC400B9E386 /* Public */,
				B59C8F581A6D255500B9E386 /* CustomView */,
				B5F1841F1A642A37007C9558 /* MapPin */,
				B57EA9E21A623FCD0002B5D3 /* ViewController */,
				B5F3BD6F1A4FB471001E7CCA /* Img */,
				B5F3BD621A4A9D51001E7CCA /* Data.bundle */,
				B5F3BD5C1A429833001E7CCA /* Image.bundle */,
				B586D44F1A3EBFCE004EEE84 /* AppDelegate.h */,
				B586D4501A3EBFCE004EEE84 /* AppDelegate.m */,
				B586D4581A3EBFCE004EEE84 /* Images.xcassets */,
				B586D44B1A3EBFCE004EEE84 /* Supporting Files */,
			);
			path = ForU;
			sourceTree = "<group>";
		};
		B586D44B1A3EBFCE004EEE84 /* Supporting Files */ = {
			isa = PBXGroup;
			children = (
				B5BADD531A89095700238649 /* msyh.ttf */,
				B5BADD521A8907F600238649 /* RTWS YueRoundedGothic Demo.otf */,
				B57EA9F21A6240520002B5D3 /* PrefixHeader.pch */,
				B586D44C1A3EBFCE004EEE84 /* Info.plist */,
				B586D44D1A3EBFCE004EEE84 /* main.m */,
			);
			name = "Supporting Files";
			sourceTree = "<group>";
		};
		B586D4641A3EBFCE004EEE84 /* ForUTests */ = {
			isa = PBXGroup;
			children = (
				B586D4671A3EBFCE004EEE84 /* ForUTests.m */,
				B586D4651A3EBFCE004EEE84 /* Supporting Files */,
			);
			path = ForUTests;
			sourceTree = "<group>";
		};
		B586D4651A3EBFCE004EEE84 /* Supporting Files */ = {
			isa = PBXGroup;
			children = (
				B586D4661A3EBFCE004EEE84 /* Info.plist */,
				B5CB84FA1A4010F900F3D9B1 /* main.m */,
			);
			name = "Supporting Files";
			sourceTree = "<group>";
		};
		B586D4721A3EC069004EEE84 /* MiddleWare */ = {
			isa = PBXGroup;
			children = (
				B5A1158C1A8B37E9002ABD7F /* FUConstHeader.h */,
				B5CB844B1A400AF100F3D9B1 /* FUApplication.h */,
				B5CB844C1A400AF100F3D9B1 /* FUApplication.mm */,
				B5D0A1641A41982E0059A685 /* Component */,
			);
			path = MiddleWare;
			sourceTree = "<group>";
		};
		B59C8F581A6D255500B9E386 /* CustomView */ = {
			isa = PBXGroup;
			children = (
				B59C8F5E1A6D28B900B9E386 /* SettingView.xib */,
				B59C8F591A6D256F00B9E386 /* SettingView.h */,
				B59C8F5A1A6D256F00B9E386 /* SettingView.m */,
				B5BADD4B1A88A54500238649 /* HeaderValueView.h */,
				B5BADD4C1A88A54600238649 /* HeaderValueView.m */,
				B5BADD4E1A88A55B00238649 /* HeaderValueView.xib */,
				B5A115941A8C8B18002ABD7F /* GirlShowView.h */,
				B5A115951A8C8B18002ABD7F /* GirlShowView.m */,
				B5A115971A8DD66E002ABD7F /* ChangeValueView.h */,
				B5A115981A8DD66E002ABD7F /* ChangeValueView.m */,
				B5A1159A1A8F06A5002ABD7F /* TalkContentView.h */,
				B5A1159B1A8F06A5002ABD7F /* TalkContentView.m */,
				B5A1159D1A8F06B6002ABD7F /* TalkContentView.xib */,
				B54754561A97105D00C8BEC4 /* MsgShowView.h */,
				B54754571A97105D00C8BEC4 /* MsgShowView.m */,
				B5197BB11A99810C00A598FA /* GiftView.h */,
				B5197BB21A99810C00A598FA /* GiftView.m */,
				B5197BBE1A9B08A700A598FA /* DatePickerView.h */,
				B5197BBF1A9B08A700A598FA /* DatePickerView.m */,
			);
			path = CustomView;
			sourceTree = "<group>";
		};
		B59C8F601A6D2EC400B9E386 /* Public */ = {
			isa = PBXGroup;
			children = (
				B59C8F611A6D2EFB00B9E386 /* FUPublic.h */,
				B59C8F621A6D2EFB00B9E386 /* FUPublic.m */,
			);
			path = Public;
			sourceTree = "<group>";
		};
		B5BADD561A89ABBA00238649 /* expression */ = {
			isa = PBXGroup;
			children = (
				B5BADD651A89ACC200238649 /* IOI.png */,
				B5A115921A8BAF95002ABD7F /* 烦躁.png */,
				B5BADD571A89ABBA00238649 /* 伤心.png */,
				B5BADD581A89ABBA00238649 /* 害羞.png */,
				B5BADD591A89ABBA00238649 /* 平静.png */,
				B5BADD5A1A89ABBA00238649 /* 开心.png */,
				B5BADD5B1A89ABBA00238649 /* 撒娇.png */,
				B5BADD5C1A89ABBA00238649 /* 生气.png */,
				B5BADD5D1A89ABBA00238649 /* 紧张.png */,
			);
			path = expression;
			sourceTree = "<group>";
		};
		B5CB844E1A400DD800F3D9B1 /* Core */ = {
			isa = PBXGroup;
			children = (
				B5CB844F1A400DD800F3D9B1 /* Application.cpp */,
				B5CB84501A400DD800F3D9B1 /* Application.h */,
				B5CB845B1A400DD800F3D9B1 /* Interaction */,
				B5CB84951A400DD800F3D9B1 /* logic */,
				B5CB849A1A400DD800F3D9B1 /* Person */,
				B5CB84A51A400DD800F3D9B1 /* save */,
				B5CB84A81A400DD800F3D9B1 /* Status */,
				B5CB84B31A400DD800F3D9B1 /* util */,
			);
			name = Core;
			path = ../../Core/Core;
			sourceTree = "<group>";
		};
		B5CB845B1A400DD800F3D9B1 /* Interaction */ = {
			isa = PBXGroup;
			children = (
				B5CB845C1A400DD800F3D9B1 /* Action */,
				B5CB84631A400DD800F3D9B1 /* Date */,
				B5CB846E1A400DD800F3D9B1 /* DateIOI.cpp */,
				B5CB846F1A400DD800F3D9B1 /* DateIOI.h */,
				B5CB84701A400DD800F3D9B1 /* DateLove.cpp */,
				B5CB84711A400DD800F3D9B1 /* DateLove.h */,
				B5CB84721A400DD800F3D9B1 /* DateNoLove.cpp */,
				B5CB84731A400DD800F3D9B1 /* DateNoLove.h */,
				B5CB84741A400DD800F3D9B1 /* Event */,
				B5CB84771A400DD800F3D9B1 /* Gift */,
				B5CB847A1A400DD800F3D9B1 /* Interaction.cpp */,
				B5CB847B1A400DD800F3D9B1 /* Interaction.h */,
				B5CB847C1A400DD800F3D9B1 /* LeisureIOILove.cpp */,
				B5CB847D1A400DD800F3D9B1 /* LeisureIOILove.h */,
				B5CB847E1A400DD800F3D9B1 /* LeisureIOINoLove.cpp */,
				B5CB847F1A400DD800F3D9B1 /* LeisureIOINoLove.h */,
				B5CB84801A400DD800F3D9B1 /* LeisureTalkLove.cpp */,
				B5CB84811A400DD800F3D9B1 /* LeisureTalkLove.h */,
				B5CB84821A400DD800F3D9B1 /* LeisureTalkNoLove.cpp */,
				B5CB84831A400DD800F3D9B1 /* LeisureTalkNoLove.h */,
				B5CB84841A400DD800F3D9B1 /* Story */,
				B5CB84871A400DD800F3D9B1 /* WorkHelpLove.cpp */,
				B5CB84881A400DD800F3D9B1 /* WorkHelpLove.h */,
				B5CB84891A400DD800F3D9B1 /* WorkHelpNoLove.cpp */,
				B5CB848A1A400DD800F3D9B1 /* WorkHelpNoLove.h */,
				B5CB848B1A400DD800F3D9B1 /* WorkIOILove.cpp */,
				B5CB848C1A400DD800F3D9B1 /* WorkIOILove.h */,
				B5CB848D1A400DD800F3D9B1 /* WorkIOINoLove.cpp */,
				B5CB848E1A400DD800F3D9B1 /* WorkIOINoLove.h */,
				B5CB848F1A400DD800F3D9B1 /* WorkMeetNoLove.cpp */,
				B5CB84901A400DD800F3D9B1 /* WorkMeetNoLove.h */,
				B5CB84911A400DD800F3D9B1 /* WorkTalkLove.cpp */,
				B5CB84921A400DD800F3D9B1 /* WorkTalkLove.h */,
				B5CB84931A400DD800F3D9B1 /* WorkTalkNoLove.cpp */,
				B5CB84941A400DD800F3D9B1 /* WorkTalkNoLove.h */,
			);
			path = Interaction;
			sourceTree = "<group>";
		};
		B5CB845C1A400DD800F3D9B1 /* Action */ = {
			isa = PBXGroup;
			children = (
				B5CB845D1A400DD800F3D9B1 /* ActionBody.cpp */,
				B5CB845E1A400DD800F3D9B1 /* ActionBody.h */,
				B5CB845F1A400DD800F3D9B1 /* ActionEye.cpp */,
				B5CB84601A400DD800F3D9B1 /* ActionEye.h */,
				B5CB84611A400DD800F3D9B1 /* ActionTalk.cpp */,
				B5CB84621A400DD800F3D9B1 /* ActionTalk.h */,
			);
			path = Action;
			sourceTree = "<group>";
		};
		B5CB84631A400DD800F3D9B1 /* Date */ = {
			isa = PBXGroup;
			children = (
				B5CB84641A400DD800F3D9B1 /* DateBase.cpp */,
				B5CB84651A400DD800F3D9B1 /* DateBase.h */,
				B5CB84661A400DD800F3D9B1 /* DateEat.cpp */,
				B5CB84671A400DD800F3D9B1 /* DateEat.h */,
				B5CB84681A400DD800F3D9B1 /* DateFilm.cpp */,
				B5CB84691A400DD800F3D9B1 /* DateFilm.h */,
				B5CB846A1A400DD800F3D9B1 /* DatePark.cpp */,
				B5CB846B1A400DD800F3D9B1 /* DatePark.h */,
				B5CB846C1A400DD800F3D9B1 /* DateWalk.cpp */,
				B5CB846D1A400DD800F3D9B1 /* DateWalk.h */,
			);
			path = Date;
			sourceTree = "<group>";
		};
		B5CB84741A400DD800F3D9B1 /* Event */ = {
			isa = PBXGroup;
			children = (
				B5CB84751A400DD800F3D9B1 /* Event.cpp */,
				B5CB84761A400DD800F3D9B1 /* Event.h */,
			);
			path = Event;
			sourceTree = "<group>";
		};
		B5CB84771A400DD800F3D9B1 /* Gift */ = {
			isa = PBXGroup;
			children = (
				B5CB84781A400DD800F3D9B1 /* Gift.cpp */,
				B5CB84791A400DD800F3D9B1 /* Gift.h */,
			);
			path = Gift;
			sourceTree = "<group>";
		};
		B5CB84841A400DD800F3D9B1 /* Story */ = {
			isa = PBXGroup;
			children = (
				B5CB84851A400DD800F3D9B1 /* Story.cpp */,
				B5CB84861A400DD800F3D9B1 /* Story.h */,
			);
			path = Story;
			sourceTree = "<group>";
		};
		B5CB84951A400DD800F3D9B1 /* logic */ = {
			isa = PBXGroup;
			children = (
				B5CB84961A400DD800F3D9B1 /* notify */,
			);
			path = logic;
			sourceTree = "<group>";
		};
		B5CB84961A400DD800F3D9B1 /* notify */ = {
			isa = PBXGroup;
			children = (
				B5CB84971A400DD800F3D9B1 /* Notify.cpp */,
				B5CB84981A400DD800F3D9B1 /* Notify.h */,
			);
			path = notify;
			sourceTree = "<group>";
		};
		B5CB849A1A400DD800F3D9B1 /* Person */ = {
			isa = PBXGroup;
			children = (
				B5CB849B1A400DD800F3D9B1 /* Favorite.cpp */,
				B5CB849C1A400DD800F3D9B1 /* Favorite.h */,
				B5CB849D1A400DD800F3D9B1 /* Girl.cpp */,
				B5CB849E1A400DD800F3D9B1 /* Girl.h */,
				B5CB849F1A400DD800F3D9B1 /* Mood.cpp */,
				B5CB84A01A400DD800F3D9B1 /* Mood.h */,
				B5CB84A11A400DD800F3D9B1 /* PersonBase.cpp */,
				B5CB84A21A400DD800F3D9B1 /* PersonBase.h */,
				B5CB84A31A400DD800F3D9B1 /* Player.cpp */,
				B5CB84A41A400DD800F3D9B1 /* Player.h */,
			);
			path = Person;
			sourceTree = "<group>";
		};
		B5CB84A51A400DD800F3D9B1 /* save */ = {
			isa = PBXGroup;
			children = (
				B5CB84A61A400DD800F3D9B1 /* Save.cpp */,
				B5CB84A71A400DD800F3D9B1 /* Save.h */,
			);
			path = save;
			sourceTree = "<group>";
		};
		B5CB84A81A400DD800F3D9B1 /* Status */ = {
			isa = PBXGroup;
			children = (
				B5CB84A91A400DD800F3D9B1 /* Status.cpp */,
				B5CB84AA1A400DD800F3D9B1 /* Status.h */,
				B5CB84AB1A400DD800F3D9B1 /* StatusController.cpp */,
				B5CB84AC1A400DD800F3D9B1 /* StatusController.h */,
				B5CB84AD1A400DD800F3D9B1 /* StatusLeisure.cpp */,
				B5CB84AE1A400DD800F3D9B1 /* StatusLeisure.h */,
				B5CB84AF1A400DD800F3D9B1 /* StatusSleep.cpp */,
				B5CB84B01A400DD800F3D9B1 /* StatusSleep.h */,
				B5CB84B11A400DD800F3D9B1 /* StatusWork.cpp */,
				B5CB84B21A400DD800F3D9B1 /* StatusWork.h */,
			);
			path = Status;
			sourceTree = "<group>";
		};
		B5CB84B31A400DD800F3D9B1 /* util */ = {
			isa = PBXGroup;
			children = (
				B5CB84B41A400DD800F3D9B1 /* Constant.mm */,
				B5CB84B51A400DD800F3D9B1 /* Constant.h */,
				B5CB84B61A400DD800F3D9B1 /* Header.h */,
				B5CB84B71A400DD800F3D9B1 /* Log.cpp */,
				B5CB84B81A400DD800F3D9B1 /* Log.h */,
				B5CB84B91A400DD800F3D9B1 /* Oberserver.cpp */,
				B5CB84BA1A400DD800F3D9B1 /* Oberserver.h */,
				B5CB84BB1A400DD800F3D9B1 /* Serializ.cpp */,
				B5CB84BC1A400DD800F3D9B1 /* Serializ.h */,
				B5CB84BD1A400DD800F3D9B1 /* Singleton.cpp */,
				B5CB84BE1A400DD800F3D9B1 /* Singleton.h */,
				B5CB84BF1A400DD800F3D9B1 /* Time.cpp */,
				B5CB84C01A400DD800F3D9B1 /* Time.h */,
				B5CB84C11A400DD800F3D9B1 /* Xml.cpp */,
				B5CB84C21A400DD800F3D9B1 /* Xml.h */,
			);
			path = util;
			sourceTree = "<group>";
		};
		B5CB85011A40127700F3D9B1 /* framework */ = {
			isa = PBXGroup;
			children = (
				B5F3BD421A41D9D0001E7CCA /* CoreGraphics.framework */,
				B5F3BD401A41D934001E7CCA /* CoreFoundation.framework */,
				B5F3BD3E1A41D924001E7CCA /* ImageIO.framework */,
				B5E2132C1A41BA11001735F7 /* QuartzCore.framework */,
				B5CB84FD1A40124C00F3D9B1 /* UIKit.framework */,
				B5CB84FF1A40126500F3D9B1 /* Foundation.framework */,
			);
			name = framework;
			sourceTree = "<group>";
		};
		B5D0A1641A41982E0059A685 /* Component */ = {
			isa = PBXGroup;
			children = (
				B5D0A1651A4198AC0059A685 /* FUAlertView.h */,
				B5D0A1661A4198AC0059A685 /* FUAlertView.m */,
				B5E2132E1A41C05B001735F7 /* FUListView.h */,
				B5E2132F1A41C05B001735F7 /* FUListView.m */,
				B5E213311A41C07A001735F7 /* FUListView.xib */,
				B5F3BD3A1A41D8B5001E7CCA /* SvGifView */,
				B5F3BD441A41DA17001E7CCA /* FULoadingView.h */,
				B5F3BD451A41DA17001E7CCA /* FULoadingView.m */,
				B5F3BD501A42768D001E7CCA /* FUPhotoView.h */,
				B5F3BD511A42768D001E7CCA /* FUPhotoView.m */,
			);
			path = Component;
			sourceTree = "<group>";
		};
		B5F1841F1A642A37007C9558 /* MapPin */ = {
			isa = PBXGroup;
			children = (
				B5F184201A642A5E007C9558 /* AddressPin.h */,
				B5F184211A642A5E007C9558 /* AddressPin.m */,
			);
			name = MapPin;
			sourceTree = "<group>";
		};
		B5F3BD3A1A41D8B5001E7CCA /* SvGifView */ = {
			isa = PBXGroup;
			children = (
				B5F3BD3B1A41D8B5001E7CCA /* SvGifView.h */,
				B5F3BD3C1A41D8B5001E7CCA /* SvGifView.m */,
			);
			path = SvGifView;
			sourceTree = "<group>";
		};
		B5F3BD6F1A4FB471001E7CCA /* Img */ = {
			isa = PBXGroup;
			children = (
				B5197BBC1A9A1A2100A598FA /* Icon.png */,
				B5197BBA1A99955500A598FA /* price.jpg */,
				B5BADD561A89ABBA00238649 /* expression */,
				B5A115861A8B008D002ABD7F /* leisure.gif */,
				B5A1159F1A8F1FE5002ABD7F /* lolihead.png */,
				B5A115A01A8F1FE5002ABD7F /* maidhead.png */,
				B5A115A11A8F1FE5002ABD7F /* queenhead.png */,
				B5A115871A8B008D002ABD7F /* sleep.gif */,
				B5A115881A8B008D002ABD7F /* work.gif */,
				B59C8F641A6D476C00B9E386 /* close.png */,
				B59C8F561A68085200B9E386 /* queen.png */,
				B57EA9F31A6244C00002B5D3 /* loli.png */,
				B57EA9F41A6244C00002B5D3 /* maid.png */,
				B5F3BD701A4FB471001E7CCA /* start.jpg */,
			);
			path = Img;
			sourceTree = "<group>";
		};
/* End PBXGroup section */

/* Begin PBXNativeTarget section */
		B586D4471A3EBFCE004EEE84 /* ForU */ = {
			isa = PBXNativeTarget;
			buildConfigurationList = B586D46B1A3EBFCE004EEE84 /* Build configuration list for PBXNativeTarget "ForU" */;
			buildPhases = (
				FF740991D85B1FCB54089DB6 /* Check Pods Manifest.lock */,
				B586D4441A3EBFCE004EEE84 /* Sources */,
				B586D4451A3EBFCE004EEE84 /* Frameworks */,
				B586D4461A3EBFCE004EEE84 /* Resources */,
				32790603251AC4AF8D3C55EB /* Copy Pods Resources */,
			);
			buildRules = (
			);
			dependencies = (
			);
			name = ForU;
			productName = ForU;
			productReference = B586D4481A3EBFCE004EEE84 /* ForU.app */;
			productType = "com.apple.product-type.application";
		};
/* End PBXNativeTarget section */

/* Begin PBXProject section */
		B586D4401A3EBFCD004EEE84 /* Project object */ = {
			isa = PBXProject;
			attributes = {
				LastUpgradeCheck = 0610;
				ORGANIZATIONNAME = "孙昕";
				TargetAttributes = {
					B586D4471A3EBFCE004EEE84 = {
						CreatedOnToolsVersion = 6.1.1;
						SystemCapabilities = {
							com.apple.BackgroundModes = {
								enabled = 1;
							};
						};
					};
				};
			};
			buildConfigurationList = B586D4431A3EBFCD004EEE84 /* Build configuration list for PBXProject "ForU" */;
			compatibilityVersion = "Xcode 3.2";
			developmentRegion = English;
			hasScannedForEncodings = 0;
			knownRegions = (
				en,
				Base,
			);
			mainGroup = B586D43F1A3EBFCD004EEE84;
			productRefGroup = B586D4491A3EBFCE004EEE84 /* Products */;
			projectDirPath = "";
			projectRoot = "";
			targets = (
				B586D4471A3EBFCE004EEE84 /* ForU */,
			);
		};
/* End PBXProject section */

/* Begin PBXResourcesBuildPhase section */
		B586D4461A3EBFCE004EEE84 /* Resources */ = {
			isa = PBXResourcesBuildPhase;
			buildActionMask = 2147483647;
			files = (
				B5BADD641A89ABBA00238649 /* 紧张.png in Resources */,
				B5BADD541A890E6A00238649 /* msyh.ttf in Resources */,
				B5A115911A8B9129002ABD7F /* TalkViewController.xib in Resources */,
				B5A1158A1A8B008D002ABD7F /* sleep.gif in Resources */,
				B5A115A31A8F1FE5002ABD7F /* maidhead.png in Resources */,
				B5BADD551A890E6A00238649 /* RTWS YueRoundedGothic Demo.otf in Resources */,
				B5BADD601A89ABBA00238649 /* 平静.png in Resources */,
				B5A1159E1A8F06B6002ABD7F /* TalkContentView.xib in Resources */,
				B59C8F6A1A7489C800B9E386 /* StateViewController.xib in Resources */,
				B5BADD631A89ABBA00238649 /* 生气.png in Resources */,
				B57EA9EF1A623FCD0002B5D3 /* MainMenuViewController.xib in Resources */,
				B586D4591A3EBFCE004EEE84 /* Images.xcassets in Resources */,
				B5A115A21A8F1FE5002ABD7F /* lolihead.png in Resources */,
				B5197BBB1A99955500A598FA /* price.jpg in Resources */,
				B5BADD611A89ABBA00238649 /* 开心.png in Resources */,
				B59C8F571A68085200B9E386 /* queen.png in Resources */,
				B57EA9F61A6244C00002B5D3 /* loli.png in Resources */,
				B5BADD621A89ABBA00238649 /* 撒娇.png in Resources */,
				B5BADD4F1A88A55B00238649 /* HeaderValueView.xib in Resources */,
				B5A115891A8B008D002ABD7F /* leisure.gif in Resources */,
				B5BADD5E1A89ABBA00238649 /* 伤心.png in Resources */,
				B59C8F651A6D476C00B9E386 /* close.png in Resources */,
				B5A115931A8BAF95002ABD7F /* 烦躁.png in Resources */,
				B5A1158B1A8B008D002ABD7F /* work.gif in Resources */,
				B5BADD5F1A89ABBA00238649 /* 害羞.png in Resources */,
				B57EA9ED1A623FCD0002B5D3 /* ChooseGirlViewController.xib in Resources */,
				B5E213321A41C07A001735F7 /* FUListView.xib in Resources */,
				B5F3BD5D1A429833001E7CCA /* Image.bundle in Resources */,
				B5BADD661A89ACC200238649 /* IOI.png in Resources */,
				B57EA9F71A6244C00002B5D3 /* maid.png in Resources */,
				B57EA9F11A623FCD0002B5D3 /* StartViewController.xib in Resources */,
				B5F1841A1A6424DE007C9558 /* AddressMapViewController.xib in Resources */,
				B59C8F5F1A6D28B900B9E386 /* SettingView.xib in Resources */,
				B5197BBD1A9A1A2100A598FA /* Icon.png in Resources */,
				B5197BB91A99943F00A598FA /* GiftCell.xib in Resources */,
				B54754551A91A5B300C8BEC4 /* DateViewController.xib in Resources */,
				B5F3BD631A4A9D51001E7CCA /* Data.bundle in Resources */,
				B5A115A41A8F1FE5002ABD7F /* queenhead.png in Resources */,
				B5F3BD711A4FB471001E7CCA /* start.jpg in Resources */,
			);
			runOnlyForDeploymentPostprocessing = 0;
		};
/* End PBXResourcesBuildPhase section */

/* Begin PBXShellScriptBuildPhase section */
		32790603251AC4AF8D3C55EB /* Copy Pods Resources */ = {
			isa = PBXShellScriptBuildPhase;
			buildActionMask = 2147483647;
			files = (
			);
			inputPaths = (
			);
			name = "Copy Pods Resources";
			outputPaths = (
			);
			runOnlyForDeploymentPostprocessing = 0;
			shellPath = /bin/sh;
			shellScript = "\"${SRCROOT}/Pods/Target Support Files/Pods/Pods-resources.sh\"\n";
			showEnvVarsInLog = 0;
		};
		FF740991D85B1FCB54089DB6 /* Check Pods Manifest.lock */ = {
			isa = PBXShellScriptBuildPhase;
			buildActionMask = 2147483647;
			files = (
			);
			inputPaths = (
			);
			name = "Check Pods Manifest.lock";
			outputPaths = (
			);
			runOnlyForDeploymentPostprocessing = 0;
			shellPath = /bin/sh;
			shellScript = "diff \"${PODS_ROOT}/../Podfile.lock\" \"${PODS_ROOT}/Manifest.lock\" > /dev/null\nif [[ $? != 0 ]] ; then\n    cat << EOM\nerror: The sandbox is not in sync with the Podfile.lock. Run 'pod install' or update your CocoaPods installation.\nEOM\n    exit 1\nfi\n";
			showEnvVarsInLog = 0;
		};
/* End PBXShellScriptBuildPhase section */

/* Begin PBXSourcesBuildPhase section */
		B586D4441A3EBFCE004EEE84 /* Sources */ = {
			isa = PBXSourcesBuildPhase;
			buildActionMask = 2147483647;
			files = (
				B5F184221A642A5E007C9558 /* AddressPin.m in Sources */,
				B5CB84FC1A4011D300F3D9B1 /* main.m in Sources */,
				B5CB84EA1A400DD800F3D9B1 /* Mood.cpp in Sources */,
				B5CB84D61A400DD800F3D9B1 /* DateNoLove.cpp in Sources */,
				B5CB84D51A400DD800F3D9B1 /* DateLove.cpp in Sources */,
				B5CB84DD1A400DD800F3D9B1 /* LeisureTalkNoLove.cpp in Sources */,
				B5CB84F41A400DD800F3D9B1 /* Log.cpp in Sources */,
				B5CB84D11A400DD800F3D9B1 /* DateFilm.cpp in Sources */,
				B5A1159C1A8F06A5002ABD7F /* TalkContentView.m in Sources */,
				B57EA9EC1A623FCD0002B5D3 /* ChooseGirlViewController.m in Sources */,
				B5CB84F91A400DD800F3D9B1 /* Xml.cpp in Sources */,
				B59C8F691A7489C800B9E386 /* StateViewController.m in Sources */,
				B5CB84E21A400DD800F3D9B1 /* WorkIOINoLove.cpp in Sources */,
				B5CB84D31A400DD800F3D9B1 /* DateWalk.cpp in Sources */,
				B5CB84EB1A400DD800F3D9B1 /* PersonBase.cpp in Sources */,
				B5CB84CE1A400DD800F3D9B1 /* ActionTalk.cpp in Sources */,
				B586D4511A3EBFCE004EEE84 /* AppDelegate.m in Sources */,
				B5F184191A6424DE007C9558 /* AddressMapViewController.m in Sources */,
				B5CB84F51A400DD800F3D9B1 /* Oberserver.cpp in Sources */,
				B57EA9F01A623FCD0002B5D3 /* StartViewController.m in Sources */,
				B5CB84E51A400DD800F3D9B1 /* WorkTalkNoLove.cpp in Sources */,
				B5CB84F11A400DD800F3D9B1 /* StatusSleep.cpp in Sources */,
				B5197BB81A99943F00A598FA /* GiftCell.m in Sources */,
				B5E213301A41C05B001735F7 /* FUListView.m in Sources */,
				B5F3BD521A42768D001E7CCA /* FUPhotoView.m in Sources */,
				B5F3BD3D1A41D8B5001E7CCA /* SvGifView.m in Sources */,
				B5197BC01A9B08A700A598FA /* DatePickerView.m in Sources */,
				B57EA9EE1A623FCD0002B5D3 /* MainMenuViewController.m in Sources */,
				B5CB84E01A400DD800F3D9B1 /* WorkHelpNoLove.cpp in Sources */,
				B5CB84E31A400DD800F3D9B1 /* WorkMeetNoLove.cpp in Sources */,
				B5CB84DB1A400DD800F3D9B1 /* LeisureIOINoLove.cpp in Sources */,
				B5CB84E41A400DD800F3D9B1 /* WorkTalkLove.cpp in Sources */,
				B5D0A1671A4198AC0059A685 /* FUAlertView.m in Sources */,
				B59C8F5B1A6D256F00B9E386 /* SettingView.m in Sources */,
				B54754541A91A5B300C8BEC4 /* DateViewController.m in Sources */,
				B5CB84F31A400DD800F3D9B1 /* Constant.mm in Sources */,
				B5CB84EC1A400DD800F3D9B1 /* Player.cpp in Sources */,
				B5CB84DA1A400DD800F3D9B1 /* LeisureIOILove.cpp in Sources */,
				B5A115961A8C8B18002ABD7F /* GirlShowView.m in Sources */,
				B5CB84E81A400DD800F3D9B1 /* Favorite.cpp in Sources */,
				B5A115991A8DD66E002ABD7F /* ChangeValueView.m in Sources */,
				B5CB84DC1A400DD800F3D9B1 /* LeisureTalkLove.cpp in Sources */,
				B5CB84DE1A400DD800F3D9B1 /* Story.cpp in Sources */,
				B5CB84D41A400DD800F3D9B1 /* DateIOI.cpp in Sources */,
				B5CB84E11A400DD800F3D9B1 /* WorkIOILove.cpp in Sources */,
				B5F3BD461A41DA17001E7CCA /* FULoadingView.m in Sources */,
				B5CB84EE1A400DD800F3D9B1 /* Status.cpp in Sources */,
				B5CB84CF1A400DD800F3D9B1 /* DateBase.cpp in Sources */,
				B5197BB31A99810C00A598FA /* GiftView.m in Sources */,
				B5CB84F21A400DD800F3D9B1 /* StatusWork.cpp in Sources */,
				B5CB84E61A400DD800F3D9B1 /* Notify.cpp in Sources */,
				B5CB84EF1A400DD800F3D9B1 /* StatusController.cpp in Sources */,
				B59C8F631A6D2EFB00B9E386 /* FUPublic.m in Sources */,
				B5CB84F61A400DD800F3D9B1 /* Serializ.cpp in Sources */,
				B5CB84DF1A400DD800F3D9B1 /* WorkHelpLove.cpp in Sources */,
				B5CB84D81A400DD800F3D9B1 /* Gift.cpp in Sources */,
				B5CB84E91A400DD800F3D9B1 /* Girl.cpp in Sources */,
				B5CB84F71A400DD800F3D9B1 /* Singleton.cpp in Sources */,
				B5CB84D21A400DD800F3D9B1 /* DatePark.cpp in Sources */,
				B5CB84C31A400DD800F3D9B1 /* Application.cpp in Sources */,
				B5CB84D91A400DD800F3D9B1 /* Interaction.cpp in Sources */,
				B5CB84D71A400DD800F3D9B1 /* Event.cpp in Sources */,
				B5CB84ED1A400DD800F3D9B1 /* Save.cpp in Sources */,
				B5BADD4D1A88A54600238649 /* HeaderValueView.m in Sources */,
				B5CB84F81A400DD800F3D9B1 /* Time.cpp in Sources */,
				B54754581A97105D00C8BEC4 /* MsgShowView.m in Sources */,
				B5A115901A8B9129002ABD7F /* TalkViewController.m in Sources */,
				B5CB84F01A400DD800F3D9B1 /* StatusLeisure.cpp in Sources */,
				B5CB84D01A400DD800F3D9B1 /* DateEat.cpp in Sources */,
				B5CB844D1A400AF100F3D9B1 /* FUApplication.mm in Sources */,
				B5CB84CC1A400DD800F3D9B1 /* ActionBody.cpp in Sources */,
				B5CB84CD1A400DD800F3D9B1 /* ActionEye.cpp in Sources */,
			);
			runOnlyForDeploymentPostprocessing = 0;
		};
/* End PBXSourcesBuildPhase section */

/* Begin XCBuildConfiguration section */
		B586D4691A3EBFCE004EEE84 /* Debug */ = {
			isa = XCBuildConfiguration;
			buildSettings = {
				ALWAYS_SEARCH_USER_PATHS = NO;
				CLANG_CXX_LANGUAGE_STANDARD = "gnu++0x";
				CLANG_CXX_LIBRARY = "libc++";
				CLANG_ENABLE_MODULES = YES;
				CLANG_ENABLE_OBJC_ARC = YES;
				CLANG_WARN_BOOL_CONVERSION = YES;
				CLANG_WARN_CONSTANT_CONVERSION = YES;
				CLANG_WARN_DIRECT_OBJC_ISA_USAGE = YES_ERROR;
				CLANG_WARN_EMPTY_BODY = YES;
				CLANG_WARN_ENUM_CONVERSION = YES;
				CLANG_WARN_INT_CONVERSION = YES;
				CLANG_WARN_OBJC_ROOT_CLASS = YES_ERROR;
				CLANG_WARN_UNREACHABLE_CODE = YES;
				CLANG_WARN__DUPLICATE_METHOD_MATCH = YES;
				CODE_SIGN_IDENTITY = "iPhone Developer: sun xin (CWAHPY24F9)";
				"CODE_SIGN_IDENTITY[sdk=iphoneos*]" = "iPhone Developer: sun xin (CWAHPY24F9)";
				COPY_PHASE_STRIP = NO;
				ENABLE_STRICT_OBJC_MSGSEND = YES;
				GCC_C_LANGUAGE_STANDARD = gnu99;
				GCC_DYNAMIC_NO_PIC = NO;
				GCC_OPTIMIZATION_LEVEL = 0;
				GCC_PREPROCESSOR_DEFINITIONS = (
					"DEBUG=1",
					"$(inherited)",
				);
				GCC_SYMBOLS_PRIVATE_EXTERN = NO;
				GCC_WARN_64_TO_32_BIT_CONVERSION = YES;
				GCC_WARN_ABOUT_RETURN_TYPE = YES_ERROR;
				GCC_WARN_UNDECLARED_SELECTOR = YES;
				GCC_WARN_UNINITIALIZED_AUTOS = YES_AGGRESSIVE;
				GCC_WARN_UNUSED_FUNCTION = YES;
				GCC_WARN_UNUSED_VARIABLE = YES;
				IPHONEOS_DEPLOYMENT_TARGET = 8.1;
				MTL_ENABLE_DEBUG_INFO = YES;
				ONLY_ACTIVE_ARCH = YES;
				PROVISIONING_PROFILE = "4e79b44d-f28b-4edd-96b1-35734d8e4886";
				SDKROOT = iphoneos;
			};
			name = Debug;
		};
		B586D46A1A3EBFCE004EEE84 /* Release */ = {
			isa = XCBuildConfiguration;
			buildSettings = {
				ALWAYS_SEARCH_USER_PATHS = NO;
				CLANG_CXX_LANGUAGE_STANDARD = "gnu++0x";
				CLANG_CXX_LIBRARY = "libc++";
				CLANG_ENABLE_MODULES = YES;
				CLANG_ENABLE_OBJC_ARC = YES;
				CLANG_WARN_BOOL_CONVERSION = YES;
				CLANG_WARN_CONSTANT_CONVERSION = YES;
				CLANG_WARN_DIRECT_OBJC_ISA_USAGE = YES_ERROR;
				CLANG_WARN_EMPTY_BODY = YES;
				CLANG_WARN_ENUM_CONVERSION = YES;
				CLANG_WARN_INT_CONVERSION = YES;
				CLANG_WARN_OBJC_ROOT_CLASS = YES_ERROR;
				CLANG_WARN_UNREACHABLE_CODE = YES;
				CLANG_WARN__DUPLICATE_METHOD_MATCH = YES;
				CODE_SIGN_IDENTITY = "iPhone Developer: sun xin (CWAHPY24F9)";
				"CODE_SIGN_IDENTITY[sdk=iphoneos*]" = "iPhone Developer: sun xin (CWAHPY24F9)";
				COPY_PHASE_STRIP = YES;
				ENABLE_NS_ASSERTIONS = NO;
				ENABLE_STRICT_OBJC_MSGSEND = YES;
				GCC_C_LANGUAGE_STANDARD = gnu99;
				GCC_WARN_64_TO_32_BIT_CONVERSION = YES;
				GCC_WARN_ABOUT_RETURN_TYPE = YES_ERROR;
				GCC_WARN_UNDECLARED_SELECTOR = YES;
				GCC_WARN_UNINITIALIZED_AUTOS = YES_AGGRESSIVE;
				GCC_WARN_UNUSED_FUNCTION = YES;
				GCC_WARN_UNUSED_VARIABLE = YES;
				IPHONEOS_DEPLOYMENT_TARGET = 8.1;
				MTL_ENABLE_DEBUG_INFO = NO;
				PROVISIONING_PROFILE = "4e79b44d-f28b-4edd-96b1-35734d8e4886";
				SDKROOT = iphoneos;
				VALIDATE_PRODUCT = YES;
			};
			name = Release;
		};
		B586D46C1A3EBFCE004EEE84 /* Debug */ = {
			isa = XCBuildConfiguration;
			baseConfigurationReference = 68BD121DC20884C45E397A8C /* Pods.debug.xcconfig */;
			buildSettings = {
				ASSETCATALOG_COMPILER_APPICON_NAME = AppIcon;
				CODE_SIGN_IDENTITY = "iPhone Developer: sun xin (CWAHPY24F9)";
				GCC_INPUT_FILETYPE = sourcecode.cpp.objcpp;
				GCC_PRECOMPILE_PREFIX_HEADER = YES;
				GCC_PREFIX_HEADER = /Users/sunxin/code/teambition/code/1.0/Objc/ForU/ForU/PrefixHeader.pch;
				GCC_PREPROCESSOR_DEFINITIONS = (
					"DEBUG=1",
					"$(inherited)",
					XCODE,
				);
				INFOPLIST_FILE = ForU/Info.plist;
				LD_RUNPATH_SEARCH_PATHS = "$(inherited) @executable_path/Frameworks";
				PRODUCT_NAME = "$(TARGET_NAME)";
				PROVISIONING_PROFILE = "4e79b44d-f28b-4edd-96b1-35734d8e4886";
			};
			name = Debug;
		};
		B586D46D1A3EBFCE004EEE84 /* Release */ = {
			isa = XCBuildConfiguration;
			baseConfigurationReference = A574ABBCF0BE8F0BEF0E4F7E /* Pods.release.xcconfig */;
			buildSettings = {
				ASSETCATALOG_COMPILER_APPICON_NAME = AppIcon;
				CODE_SIGN_IDENTITY = "iPhone Developer: sun xin (CWAHPY24F9)";
				GCC_INPUT_FILETYPE = sourcecode.cpp.objcpp;
				GCC_PRECOMPILE_PREFIX_HEADER = YES;
				GCC_PREFIX_HEADER = /Users/sunxin/code/teambition/code/1.0/Objc/ForU/ForU/PrefixHeader.pch;
				INFOPLIST_FILE = ForU/Info.plist;
				LD_RUNPATH_SEARCH_PATHS = "$(inherited) @executable_path/Frameworks";
				PRODUCT_NAME = "$(TARGET_NAME)";
				PROVISIONING_PROFILE = "4e79b44d-f28b-4edd-96b1-35734d8e4886";
			};
			name = Release;
		};
/* End XCBuildConfiguration section */

/* Begin XCConfigurationList section */
		B586D4431A3EBFCD004EEE84 /* Build configuration list for PBXProject "ForU" */ = {
			isa = XCConfigurationList;
			buildConfigurations = (
				B586D4691A3EBFCE004EEE84 /* Debug */,
				B586D46A1A3EBFCE004EEE84 /* Release */,
			);
			defaultConfigurationIsVisible = 0;
			defaultConfigurationName = Release;
		};
		B586D46B1A3EBFCE004EEE84 /* Build configuration list for PBXNativeTarget "ForU" */ = {
			isa = XCConfigurationList;
			buildConfigurations = (
				B586D46C1A3EBFCE004EEE84 /* Debug */,
				B586D46D1A3EBFCE004EEE84 /* Release */,
			);
			defaultConfigurationIsVisible = 0;
			defaultConfigurationName = Release;
		};
/* End XCConfigurationList section */
	};
	rootObject = B586D4401A3EBFCD004EEE84 /* Project object */;
}
