// !$*UTF8*$!
{
	archiveVersion = 1;
	classes = {
	};
	objectVersion = 46;
	objects = {

/* Begin PBXBuildFile section */
		B504E3D919F0AF0E00767625 /* Save.cpp in Sources */ = {isa = PBXBuildFile; fileRef = B504E3D719F0AF0E00767625 /* Save.cpp */; };
		B50C614219ED0DBD00B618EB /* Notify.cpp in Sources */ = {isa = PBXBuildFile; fileRef = B50C614019ED0DBD00B618EB /* Notify.cpp */; };
		B50C614519ED0E4400B618EB /* Serializ.cpp in Sources */ = {isa = PBXBuildFile; fileRef = B50C614319ED0E4400B618EB /* Serializ.cpp */; };
		B5530CE919F0F9000020A5AB /* Application.cpp in Sources */ = {isa = PBXBuildFile; fileRef = B5530CE719F0F9000020A5AB /* Application.cpp */; };
		B57D323D1A11AE68006E66E5 /* WorkMeetNoLove.cpp in Sources */ = {isa = PBXBuildFile; fileRef = B57D323B1A11AE68006E66E5 /* WorkMeetNoLove.cpp */; };
		B57D32401A11B3AC006E66E5 /* WorkIOINoLove.cpp in Sources */ = {isa = PBXBuildFile; fileRef = B57D323E1A11B3AC006E66E5 /* WorkIOINoLove.cpp */; };
		B57D32431A11B3BD006E66E5 /* WorkHelpNoLove.cpp in Sources */ = {isa = PBXBuildFile; fileRef = B57D32411A11B3BD006E66E5 /* WorkHelpNoLove.cpp */; };
		B57D32461A11B3D3006E66E5 /* WorkTalkNoLove.cpp in Sources */ = {isa = PBXBuildFile; fileRef = B57D32441A11B3D3006E66E5 /* WorkTalkNoLove.cpp */; };
		B57D32491A11B3E5006E66E5 /* WorkTalkLove.cpp in Sources */ = {isa = PBXBuildFile; fileRef = B57D32471A11B3E5006E66E5 /* WorkTalkLove.cpp */; };
		B57D324C1A11ECA5006E66E5 /* WorkIOILove.cpp in Sources */ = {isa = PBXBuildFile; fileRef = B57D324A1A11ECA5006E66E5 /* WorkIOILove.cpp */; };
		B57D324F1A11ECB5006E66E5 /* WorkHelpLove.cpp in Sources */ = {isa = PBXBuildFile; fileRef = B57D324D1A11ECB5006E66E5 /* WorkHelpLove.cpp */; };
		B57D32521A11ECCA006E66E5 /* LeisureIOINoLove.cpp in Sources */ = {isa = PBXBuildFile; fileRef = B57D32501A11ECCA006E66E5 /* LeisureIOINoLove.cpp */; };
		B57D32551A11ECDE006E66E5 /* LeisureTalkNoLove.cpp in Sources */ = {isa = PBXBuildFile; fileRef = B57D32531A11ECDD006E66E5 /* LeisureTalkNoLove.cpp */; };
		B57D32581A11ECED006E66E5 /* LeisureIOILove.cpp in Sources */ = {isa = PBXBuildFile; fileRef = B57D32561A11ECED006E66E5 /* LeisureIOILove.cpp */; };
		B57D325B1A11ED03006E66E5 /* LeisureTalkLove.cpp in Sources */ = {isa = PBXBuildFile; fileRef = B57D32591A11ED03006E66E5 /* LeisureTalkLove.cpp */; };
		B57D325E1A11ED16006E66E5 /* DateIOI.cpp in Sources */ = {isa = PBXBuildFile; fileRef = B57D325C1A11ED16006E66E5 /* DateIOI.cpp */; };
		B57D32611A11ED25006E66E5 /* DateNoLove.cpp in Sources */ = {isa = PBXBuildFile; fileRef = B57D325F1A11ED25006E66E5 /* DateNoLove.cpp */; };
		B57D32641A11ED32006E66E5 /* DateLove.cpp in Sources */ = {isa = PBXBuildFile; fileRef = B57D32621A11ED32006E66E5 /* DateLove.cpp */; };
		B57F64AB19F750C000F88FB2 /* Status.cpp in Sources */ = {isa = PBXBuildFile; fileRef = B57F64A919F750C000F88FB2 /* Status.cpp */; };
		B57F64AE19F750DB00F88FB2 /* StatusController.cpp in Sources */ = {isa = PBXBuildFile; fileRef = B57F64AC19F750DB00F88FB2 /* StatusController.cpp */; };
		B57F64B119F7512700F88FB2 /* Interaction.cpp in Sources */ = {isa = PBXBuildFile; fileRef = B57F64AF19F7512700F88FB2 /* Interaction.cpp */; };
		B57F64BA19F753E000F88FB2 /* Player.cpp in Sources */ = {isa = PBXBuildFile; fileRef = B57F64B819F753E000F88FB2 /* Player.cpp */; };
		B57F64BD19F753EC00F88FB2 /* Girl.cpp in Sources */ = {isa = PBXBuildFile; fileRef = B57F64BB19F753EC00F88FB2 /* Girl.cpp */; };
		B57F64C019F7542400F88FB2 /* Mood.cpp in Sources */ = {isa = PBXBuildFile; fileRef = B57F64BE19F7542400F88FB2 /* Mood.cpp */; };
		B57F64C319F7545800F88FB2 /* Favorite.cpp in Sources */ = {isa = PBXBuildFile; fileRef = B57F64C119F7545800F88FB2 /* Favorite.cpp */; };
		B5B4016F19F688D10009CAC2 /* PersonBase.cpp in Sources */ = {isa = PBXBuildFile; fileRef = B5B4016D19F688D10009CAC2 /* PersonBase.cpp */; };
		B5E04CF319F0CB6A00CCFD10 /* Xml.cpp in Sources */ = {isa = PBXBuildFile; fileRef = B5E04CF119F0CB6A00CCFD10 /* Xml.cpp */; };
		B5E146B719FA3C6F00AED87E /* StatusLeisure.cpp in Sources */ = {isa = PBXBuildFile; fileRef = B5E146B519FA3C6F00AED87E /* StatusLeisure.cpp */; };
		B5E146BA19FA3CCE00AED87E /* StatusSleep.cpp in Sources */ = {isa = PBXBuildFile; fileRef = B5E146B819FA3CCE00AED87E /* StatusSleep.cpp */; };
		B5E146BD19FA3CE600AED87E /* StatusWork.cpp in Sources */ = {isa = PBXBuildFile; fileRef = B5E146BB19FA3CE600AED87E /* StatusWork.cpp */; };
		B5E730BC19EB75A100CF6A51 /* main.cpp in Sources */ = {isa = PBXBuildFile; fileRef = B5E730BB19EB75A100CF6A51 /* main.cpp */; };
		B5E730C419EB768B00CF6A51 /* Singleton.cpp in Sources */ = {isa = PBXBuildFile; fileRef = B5E730C219EB768B00CF6A51 /* Singleton.cpp */; };
		B5E730C819EB865300CF6A51 /* Log.cpp in Sources */ = {isa = PBXBuildFile; fileRef = B5E730C619EB865300CF6A51 /* Log.cpp */; };
		B5E730CB19EBB10200CF6A51 /* Time.cpp in Sources */ = {isa = PBXBuildFile; fileRef = B5E730C919EBB10200CF6A51 /* Time.cpp */; };
		B5E730CE19EBB90500CF6A51 /* Constant.cpp in Sources */ = {isa = PBXBuildFile; fileRef = B5E730CC19EBB90500CF6A51 /* Constant.cpp */; };
		B5E730D119EBE25200CF6A51 /* Oberserver.cpp in Sources */ = {isa = PBXBuildFile; fileRef = B5E730CF19EBE25200CF6A51 /* Oberserver.cpp */; };
/* End PBXBuildFile section */

/* Begin PBXCopyFilesBuildPhase section */
		B5E730B619EB75A100CF6A51 /* CopyFiles */ = {
			isa = PBXCopyFilesBuildPhase;
			buildActionMask = 2147483647;
			dstPath = /usr/share/man/man1/;
			dstSubfolderSpec = 0;
			files = (
			);
			runOnlyForDeploymentPostprocessing = 1;
		};
/* End PBXCopyFilesBuildPhase section */

/* Begin PBXFileReference section */
		B504E3D719F0AF0E00767625 /* Save.cpp */ = {isa = PBXFileReference; fileEncoding = 4; lastKnownFileType = sourcecode.cpp.cpp; path = Save.cpp; sourceTree = "<group>"; };
		B504E3D819F0AF0E00767625 /* Save.h */ = {isa = PBXFileReference; fileEncoding = 4; lastKnownFileType = sourcecode.c.h; path = Save.h; sourceTree = "<group>"; };
		B50C614019ED0DBD00B618EB /* Notify.cpp */ = {isa = PBXFileReference; fileEncoding = 4; lastKnownFileType = sourcecode.cpp.cpp; path = Notify.cpp; sourceTree = "<group>"; };
		B50C614119ED0DBD00B618EB /* Notify.h */ = {isa = PBXFileReference; fileEncoding = 4; lastKnownFileType = sourcecode.c.h; path = Notify.h; sourceTree = "<group>"; };
		B50C614319ED0E4400B618EB /* Serializ.cpp */ = {isa = PBXFileReference; fileEncoding = 4; lastKnownFileType = sourcecode.cpp.cpp; path = Serializ.cpp; sourceTree = "<group>"; };
		B50C614419ED0E4400B618EB /* Serializ.h */ = {isa = PBXFileReference; fileEncoding = 4; lastKnownFileType = sourcecode.c.h; path = Serializ.h; sourceTree = "<group>"; };
		B5530CE719F0F9000020A5AB /* Application.cpp */ = {isa = PBXFileReference; fileEncoding = 4; lastKnownFileType = sourcecode.cpp.cpp; path = Application.cpp; sourceTree = "<group>"; };
		B5530CE819F0F9000020A5AB /* Application.h */ = {isa = PBXFileReference; fileEncoding = 4; lastKnownFileType = sourcecode.c.h; path = Application.h; sourceTree = "<group>"; };
		B57D323B1A11AE68006E66E5 /* WorkMeetNoLove.cpp */ = {isa = PBXFileReference; fileEncoding = 4; lastKnownFileType = sourcecode.cpp.cpp; path = WorkMeetNoLove.cpp; sourceTree = "<group>"; };
		B57D323C1A11AE68006E66E5 /* WorkMeetNoLove.h */ = {isa = PBXFileReference; fileEncoding = 4; lastKnownFileType = sourcecode.c.h; path = WorkMeetNoLove.h; sourceTree = "<group>"; };
		B57D323E1A11B3AC006E66E5 /* WorkIOINoLove.cpp */ = {isa = PBXFileReference; fileEncoding = 4; lastKnownFileType = sourcecode.cpp.cpp; path = WorkIOINoLove.cpp; sourceTree = "<group>"; };
		B57D323F1A11B3AC006E66E5 /* WorkIOINoLove.h */ = {isa = PBXFileReference; fileEncoding = 4; lastKnownFileType = sourcecode.c.h; path = WorkIOINoLove.h; sourceTree = "<group>"; };
		B57D32411A11B3BD006E66E5 /* WorkHelpNoLove.cpp */ = {isa = PBXFileReference; fileEncoding = 4; lastKnownFileType = sourcecode.cpp.cpp; path = WorkHelpNoLove.cpp; sourceTree = "<group>"; };
		B57D32421A11B3BD006E66E5 /* WorkHelpNoLove.h */ = {isa = PBXFileReference; fileEncoding = 4; lastKnownFileType = sourcecode.c.h; path = WorkHelpNoLove.h; sourceTree = "<group>"; };
		B57D32441A11B3D3006E66E5 /* WorkTalkNoLove.cpp */ = {isa = PBXFileReference; fileEncoding = 4; lastKnownFileType = sourcecode.cpp.cpp; path = WorkTalkNoLove.cpp; sourceTree = "<group>"; };
		B57D32451A11B3D3006E66E5 /* WorkTalkNoLove.h */ = {isa = PBXFileReference; fileEncoding = 4; lastKnownFileType = sourcecode.c.h; path = WorkTalkNoLove.h; sourceTree = "<group>"; };
		B57D32471A11B3E5006E66E5 /* WorkTalkLove.cpp */ = {isa = PBXFileReference; fileEncoding = 4; lastKnownFileType = sourcecode.cpp.cpp; path = WorkTalkLove.cpp; sourceTree = "<group>"; };
		B57D32481A11B3E5006E66E5 /* WorkTalkLove.h */ = {isa = PBXFileReference; fileEncoding = 4; lastKnownFileType = sourcecode.c.h; path = WorkTalkLove.h; sourceTree = "<group>"; };
		B57D324A1A11ECA5006E66E5 /* WorkIOILove.cpp */ = {isa = PBXFileReference; fileEncoding = 4; lastKnownFileType = sourcecode.cpp.cpp; path = WorkIOILove.cpp; sourceTree = "<group>"; };
		B57D324B1A11ECA5006E66E5 /* WorkIOILove.h */ = {isa = PBXFileReference; fileEncoding = 4; lastKnownFileType = sourcecode.c.h; path = WorkIOILove.h; sourceTree = "<group>"; };
		B57D324D1A11ECB5006E66E5 /* WorkHelpLove.cpp */ = {isa = PBXFileReference; fileEncoding = 4; lastKnownFileType = sourcecode.cpp.cpp; path = WorkHelpLove.cpp; sourceTree = "<group>"; };
		B57D324E1A11ECB5006E66E5 /* WorkHelpLove.h */ = {isa = PBXFileReference; fileEncoding = 4; lastKnownFileType = sourcecode.c.h; path = WorkHelpLove.h; sourceTree = "<group>"; };
		B57D32501A11ECCA006E66E5 /* LeisureIOINoLove.cpp */ = {isa = PBXFileReference; fileEncoding = 4; lastKnownFileType = sourcecode.cpp.cpp; path = LeisureIOINoLove.cpp; sourceTree = "<group>"; };
		B57D32511A11ECCA006E66E5 /* LeisureIOINoLove.h */ = {isa = PBXFileReference; fileEncoding = 4; lastKnownFileType = sourcecode.c.h; path = LeisureIOINoLove.h; sourceTree = "<group>"; };
		B57D32531A11ECDD006E66E5 /* LeisureTalkNoLove.cpp */ = {isa = PBXFileReference; fileEncoding = 4; lastKnownFileType = sourcecode.cpp.cpp; path = LeisureTalkNoLove.cpp; sourceTree = "<group>"; };
		B57D32541A11ECDD006E66E5 /* LeisureTalkNoLove.h */ = {isa = PBXFileReference; fileEncoding = 4; lastKnownFileType = sourcecode.c.h; path = LeisureTalkNoLove.h; sourceTree = "<group>"; };
		B57D32561A11ECED006E66E5 /* LeisureIOILove.cpp */ = {isa = PBXFileReference; fileEncoding = 4; lastKnownFileType = sourcecode.cpp.cpp; path = LeisureIOILove.cpp; sourceTree = "<group>"; };
		B57D32571A11ECED006E66E5 /* LeisureIOILove.h */ = {isa = PBXFileReference; fileEncoding = 4; lastKnownFileType = sourcecode.c.h; path = LeisureIOILove.h; sourceTree = "<group>"; };
		B57D32591A11ED03006E66E5 /* LeisureTalkLove.cpp */ = {isa = PBXFileReference; fileEncoding = 4; lastKnownFileType = sourcecode.cpp.cpp; path = LeisureTalkLove.cpp; sourceTree = "<group>"; };
		B57D325A1A11ED03006E66E5 /* LeisureTalkLove.h */ = {isa = PBXFileReference; fileEncoding = 4; lastKnownFileType = sourcecode.c.h; path = LeisureTalkLove.h; sourceTree = "<group>"; };
		B57D325C1A11ED16006E66E5 /* DateIOI.cpp */ = {isa = PBXFileReference; fileEncoding = 4; lastKnownFileType = sourcecode.cpp.cpp; path = DateIOI.cpp; sourceTree = "<group>"; };
		B57D325D1A11ED16006E66E5 /* DateIOI.h */ = {isa = PBXFileReference; fileEncoding = 4; lastKnownFileType = sourcecode.c.h; path = DateIOI.h; sourceTree = "<group>"; };
		B57D325F1A11ED25006E66E5 /* DateNoLove.cpp */ = {isa = PBXFileReference; fileEncoding = 4; lastKnownFileType = sourcecode.cpp.cpp; path = DateNoLove.cpp; sourceTree = "<group>"; };
		B57D32601A11ED25006E66E5 /* DateNoLove.h */ = {isa = PBXFileReference; fileEncoding = 4; lastKnownFileType = sourcecode.c.h; path = DateNoLove.h; sourceTree = "<group>"; };
		B57D32621A11ED32006E66E5 /* DateLove.cpp */ = {isa = PBXFileReference; fileEncoding = 4; lastKnownFileType = sourcecode.cpp.cpp; path = DateLove.cpp; sourceTree = "<group>"; };
		B57D32631A11ED32006E66E5 /* DateLove.h */ = {isa = PBXFileReference; fileEncoding = 4; lastKnownFileType = sourcecode.c.h; path = DateLove.h; sourceTree = "<group>"; };
		B57F64A919F750C000F88FB2 /* Status.cpp */ = {isa = PBXFileReference; fileEncoding = 4; lastKnownFileType = sourcecode.cpp.cpp; path = Status.cpp; sourceTree = "<group>"; };
		B57F64AA19F750C000F88FB2 /* Status.h */ = {isa = PBXFileReference; fileEncoding = 4; lastKnownFileType = sourcecode.c.h; path = Status.h; sourceTree = "<group>"; };
		B57F64AC19F750DB00F88FB2 /* StatusController.cpp */ = {isa = PBXFileReference; fileEncoding = 4; lastKnownFileType = sourcecode.cpp.cpp; path = StatusController.cpp; sourceTree = "<group>"; };
		B57F64AD19F750DB00F88FB2 /* StatusController.h */ = {isa = PBXFileReference; fileEncoding = 4; lastKnownFileType = sourcecode.c.h; path = StatusController.h; sourceTree = "<group>"; };
		B57F64AF19F7512700F88FB2 /* Interaction.cpp */ = {isa = PBXFileReference; fileEncoding = 4; lastKnownFileType = sourcecode.cpp.cpp; path = Interaction.cpp; sourceTree = "<group>"; };
		B57F64B019F7512700F88FB2 /* Interaction.h */ = {isa = PBXFileReference; fileEncoding = 4; lastKnownFileType = sourcecode.c.h; path = Interaction.h; sourceTree = "<group>"; };
		B57F64B819F753E000F88FB2 /* Player.cpp */ = {isa = PBXFileReference; fileEncoding = 4; lastKnownFileType = sourcecode.cpp.cpp; path = Player.cpp; sourceTree = "<group>"; };
		B57F64B919F753E000F88FB2 /* Player.h */ = {isa = PBXFileReference; fileEncoding = 4; lastKnownFileType = sourcecode.c.h; path = Player.h; sourceTree = "<group>"; };
		B57F64BB19F753EC00F88FB2 /* Girl.cpp */ = {isa = PBXFileReference; fileEncoding = 4; lastKnownFileType = sourcecode.cpp.cpp; path = Girl.cpp; sourceTree = "<group>"; };
		B57F64BC19F753EC00F88FB2 /* Girl.h */ = {isa = PBXFileReference; fileEncoding = 4; lastKnownFileType = sourcecode.c.h; path = Girl.h; sourceTree = "<group>"; };
		B57F64BE19F7542400F88FB2 /* Mood.cpp */ = {isa = PBXFileReference; fileEncoding = 4; lastKnownFileType = sourcecode.cpp.cpp; path = Mood.cpp; sourceTree = "<group>"; };
		B57F64BF19F7542400F88FB2 /* Mood.h */ = {isa = PBXFileReference; fileEncoding = 4; lastKnownFileType = sourcecode.c.h; path = Mood.h; sourceTree = "<group>"; };
		B57F64C119F7545800F88FB2 /* Favorite.cpp */ = {isa = PBXFileReference; fileEncoding = 4; lastKnownFileType = sourcecode.cpp.cpp; path = Favorite.cpp; sourceTree = "<group>"; };
		B57F64C219F7545800F88FB2 /* Favorite.h */ = {isa = PBXFileReference; fileEncoding = 4; lastKnownFileType = sourcecode.c.h; path = Favorite.h; sourceTree = "<group>"; };
		B5B4016D19F688D10009CAC2 /* PersonBase.cpp */ = {isa = PBXFileReference; fileEncoding = 4; lastKnownFileType = sourcecode.cpp.cpp; path = PersonBase.cpp; sourceTree = "<group>"; };
		B5B4016E19F688D10009CAC2 /* PersonBase.h */ = {isa = PBXFileReference; fileEncoding = 4; lastKnownFileType = sourcecode.c.h; path = PersonBase.h; sourceTree = "<group>"; };
		B5E04CF119F0CB6A00CCFD10 /* Xml.cpp */ = {isa = PBXFileReference; fileEncoding = 4; lastKnownFileType = sourcecode.cpp.cpp; path = Xml.cpp; sourceTree = "<group>"; };
		B5E04CF219F0CB6A00CCFD10 /* Xml.h */ = {isa = PBXFileReference; fileEncoding = 4; lastKnownFileType = sourcecode.c.h; path = Xml.h; sourceTree = "<group>"; };
		B5E146B519FA3C6F00AED87E /* StatusLeisure.cpp */ = {isa = PBXFileReference; fileEncoding = 4; lastKnownFileType = sourcecode.cpp.cpp; path = StatusLeisure.cpp; sourceTree = "<group>"; };
		B5E146B619FA3C6F00AED87E /* StatusLeisure.h */ = {isa = PBXFileReference; fileEncoding = 4; lastKnownFileType = sourcecode.c.h; path = StatusLeisure.h; sourceTree = "<group>"; };
		B5E146B819FA3CCE00AED87E /* StatusSleep.cpp */ = {isa = PBXFileReference; fileEncoding = 4; lastKnownFileType = sourcecode.cpp.cpp; path = StatusSleep.cpp; sourceTree = "<group>"; };
		B5E146B919FA3CCE00AED87E /* StatusSleep.h */ = {isa = PBXFileReference; fileEncoding = 4; lastKnownFileType = sourcecode.c.h; path = StatusSleep.h; sourceTree = "<group>"; };
		B5E146BB19FA3CE600AED87E /* StatusWork.cpp */ = {isa = PBXFileReference; fileEncoding = 4; lastKnownFileType = sourcecode.cpp.cpp; path = StatusWork.cpp; sourceTree = "<group>"; };
		B5E146BC19FA3CE600AED87E /* StatusWork.h */ = {isa = PBXFileReference; fileEncoding = 4; lastKnownFileType = sourcecode.c.h; path = StatusWork.h; sourceTree = "<group>"; };
		B5E730B819EB75A100CF6A51 /* Core */ = {isa = PBXFileReference; explicitFileType = "compiled.mach-o.executable"; includeInIndex = 0; path = Core; sourceTree = BUILT_PRODUCTS_DIR; };
		B5E730BB19EB75A100CF6A51 /* main.cpp */ = {isa = PBXFileReference; lastKnownFileType = sourcecode.cpp.cpp; path = main.cpp; sourceTree = "<group>"; };
		B5E730C219EB768B00CF6A51 /* Singleton.cpp */ = {isa = PBXFileReference; fileEncoding = 4; lastKnownFileType = sourcecode.cpp.cpp; path = Singleton.cpp; sourceTree = "<group>"; };
		B5E730C319EB768B00CF6A51 /* Singleton.h */ = {isa = PBXFileReference; fileEncoding = 4; lastKnownFileType = sourcecode.c.h; path = Singleton.h; sourceTree = "<group>"; };
		B5E730C519EB85EC00CF6A51 /* Header.h */ = {isa = PBXFileReference; lastKnownFileType = sourcecode.c.h; path = Header.h; sourceTree = "<group>"; };
		B5E730C619EB865300CF6A51 /* Log.cpp */ = {isa = PBXFileReference; fileEncoding = 4; lastKnownFileType = sourcecode.cpp.cpp; path = Log.cpp; sourceTree = "<group>"; };
		B5E730C719EB865300CF6A51 /* Log.h */ = {isa = PBXFileReference; fileEncoding = 4; lastKnownFileType = sourcecode.c.h; path = Log.h; sourceTree = "<group>"; };
		B5E730C919EBB10200CF6A51 /* Time.cpp */ = {isa = PBXFileReference; fileEncoding = 4; lastKnownFileType = sourcecode.cpp.cpp; path = Time.cpp; sourceTree = "<group>"; };
		B5E730CA19EBB10200CF6A51 /* Time.h */ = {isa = PBXFileReference; fileEncoding = 4; lastKnownFileType = sourcecode.c.h; path = Time.h; sourceTree = "<group>"; };
		B5E730CC19EBB90500CF6A51 /* Constant.cpp */ = {isa = PBXFileReference; fileEncoding = 4; lastKnownFileType = sourcecode.cpp.cpp; path = Constant.cpp; sourceTree = "<group>"; };
		B5E730CD19EBB90500CF6A51 /* Constant.h */ = {isa = PBXFileReference; fileEncoding = 4; lastKnownFileType = sourcecode.c.h; path = Constant.h; sourceTree = "<group>"; };
		B5E730CF19EBE25200CF6A51 /* Oberserver.cpp */ = {isa = PBXFileReference; fileEncoding = 4; lastKnownFileType = sourcecode.cpp.cpp; path = Oberserver.cpp; sourceTree = "<group>"; };
		B5E730D019EBE25200CF6A51 /* Oberserver.h */ = {isa = PBXFileReference; fileEncoding = 4; lastKnownFileType = sourcecode.c.h; path = Oberserver.h; sourceTree = "<group>"; };
/* End PBXFileReference section */

/* Begin PBXFrameworksBuildPhase section */
		B5E730B519EB75A100CF6A51 /* Frameworks */ = {
			isa = PBXFrameworksBuildPhase;
			buildActionMask = 2147483647;
			files = (
			);
			runOnlyForDeploymentPostprocessing = 0;
		};
/* End PBXFrameworksBuildPhase section */

/* Begin PBXGroup section */
		B504E3D619F0AEF500767625 /* save */ = {
			isa = PBXGroup;
			children = (
				B504E3D719F0AF0E00767625 /* Save.cpp */,
				B504E3D819F0AF0E00767625 /* Save.h */,
			);
			path = save;
			sourceTree = "<group>";
		};
		B50C613F19ED0DA000B618EB /* notify */ = {
			isa = PBXGroup;
			children = (
				B50C614019ED0DBD00B618EB /* Notify.cpp */,
				B50C614119ED0DBD00B618EB /* Notify.h */,
			);
			path = notify;
			sourceTree = "<group>";
		};
		B57F64A719F7500F00F88FB2 /* Interaction */ = {
			isa = PBXGroup;
			children = (
				B57F64AF19F7512700F88FB2 /* Interaction.cpp */,
				B57F64B019F7512700F88FB2 /* Interaction.h */,
				B57D323B1A11AE68006E66E5 /* WorkMeetNoLove.cpp */,
				B57D323C1A11AE68006E66E5 /* WorkMeetNoLove.h */,
				B57D323E1A11B3AC006E66E5 /* WorkIOINoLove.cpp */,
				B57D323F1A11B3AC006E66E5 /* WorkIOINoLove.h */,
				B57D32411A11B3BD006E66E5 /* WorkHelpNoLove.cpp */,
				B57D32421A11B3BD006E66E5 /* WorkHelpNoLove.h */,
				B57D32441A11B3D3006E66E5 /* WorkTalkNoLove.cpp */,
				B57D32451A11B3D3006E66E5 /* WorkTalkNoLove.h */,
				B57D32471A11B3E5006E66E5 /* WorkTalkLove.cpp */,
				B57D32481A11B3E5006E66E5 /* WorkTalkLove.h */,
				B57D324A1A11ECA5006E66E5 /* WorkIOILove.cpp */,
				B57D324B1A11ECA5006E66E5 /* WorkIOILove.h */,
				B57D324D1A11ECB5006E66E5 /* WorkHelpLove.cpp */,
				B57D324E1A11ECB5006E66E5 /* WorkHelpLove.h */,
				B57D32501A11ECCA006E66E5 /* LeisureIOINoLove.cpp */,
				B57D32511A11ECCA006E66E5 /* LeisureIOINoLove.h */,
				B57D32531A11ECDD006E66E5 /* LeisureTalkNoLove.cpp */,
				B57D32541A11ECDD006E66E5 /* LeisureTalkNoLove.h */,
				B57D32561A11ECED006E66E5 /* LeisureIOILove.cpp */,
				B57D32571A11ECED006E66E5 /* LeisureIOILove.h */,
				B57D32591A11ED03006E66E5 /* LeisureTalkLove.cpp */,
				B57D325A1A11ED03006E66E5 /* LeisureTalkLove.h */,
				B57D325C1A11ED16006E66E5 /* DateIOI.cpp */,
				B57D325D1A11ED16006E66E5 /* DateIOI.h */,
				B57D325F1A11ED25006E66E5 /* DateNoLove.cpp */,
				B57D32601A11ED25006E66E5 /* DateNoLove.h */,
				B57D32621A11ED32006E66E5 /* DateLove.cpp */,
				B57D32631A11ED32006E66E5 /* DateLove.h */,
			);
			path = Interaction;
			sourceTree = "<group>";
		};
		B57F64A819F7500F00F88FB2 /* Status */ = {
			isa = PBXGroup;
			children = (
				B57F64A919F750C000F88FB2 /* Status.cpp */,
				B57F64AA19F750C000F88FB2 /* Status.h */,
				B57F64AC19F750DB00F88FB2 /* StatusController.cpp */,
				B57F64AD19F750DB00F88FB2 /* StatusController.h */,
				B5E146B519FA3C6F00AED87E /* StatusLeisure.cpp */,
				B5E146B619FA3C6F00AED87E /* StatusLeisure.h */,
				B5E146B819FA3CCE00AED87E /* StatusSleep.cpp */,
				B5E146B919FA3CCE00AED87E /* StatusSleep.h */,
				B5E146BB19FA3CE600AED87E /* StatusWork.cpp */,
				B5E146BC19FA3CE600AED87E /* StatusWork.h */,
			);
			path = Status;
			sourceTree = "<group>";
		};
		B5B4016C19F688B70009CAC2 /* Person */ = {
			isa = PBXGroup;
			children = (
				B5B4016D19F688D10009CAC2 /* PersonBase.cpp */,
				B5B4016E19F688D10009CAC2 /* PersonBase.h */,
				B57F64B819F753E000F88FB2 /* Player.cpp */,
				B57F64B919F753E000F88FB2 /* Player.h */,
				B57F64BB19F753EC00F88FB2 /* Girl.cpp */,
				B57F64BC19F753EC00F88FB2 /* Girl.h */,
				B57F64BE19F7542400F88FB2 /* Mood.cpp */,
				B57F64BF19F7542400F88FB2 /* Mood.h */,
				B57F64C119F7545800F88FB2 /* Favorite.cpp */,
				B57F64C219F7545800F88FB2 /* Favorite.h */,
			);
			path = Person;
			sourceTree = "<group>";
		};
		B5E730AD19EB754C00CF6A51 = {
			isa = PBXGroup;
			children = (
				B5E730BA19EB75A100CF6A51 /* Core */,
				B5E730B919EB75A100CF6A51 /* Products */,
			);
			sourceTree = "<group>";
		};
		B5E730B919EB75A100CF6A51 /* Products */ = {
			isa = PBXGroup;
			children = (
				B5E730B819EB75A100CF6A51 /* Core */,
			);
			name = Products;
			sourceTree = "<group>";
		};
		B5E730BA19EB75A100CF6A51 /* Core */ = {
			isa = PBXGroup;
			children = (
				B5530CE719F0F9000020A5AB /* Application.cpp */,
				B5530CE819F0F9000020A5AB /* Application.h */,
				B5E730BB19EB75A100CF6A51 /* main.cpp */,
				B57F64A719F7500F00F88FB2 /* Interaction */,
				B57F64A819F7500F00F88FB2 /* Status */,
				B5B4016C19F688B70009CAC2 /* Person */,
				B504E3D619F0AEF500767625 /* save */,
				B5E730C019EB762700CF6A51 /* logic */,
				B5E730C119EB762700CF6A51 /* util */,
			);
			path = Core;
			sourceTree = "<group>";
		};
		B5E730C019EB762700CF6A51 /* logic */ = {
			isa = PBXGroup;
			children = (
				B50C613F19ED0DA000B618EB /* notify */,
			);
			path = logic;
			sourceTree = "<group>";
		};
		B5E730C119EB762700CF6A51 /* util */ = {
			isa = PBXGroup;
			children = (
				B5E730C219EB768B00CF6A51 /* Singleton.cpp */,
				B5E730C319EB768B00CF6A51 /* Singleton.h */,
				B5E730C519EB85EC00CF6A51 /* Header.h */,
				B5E730C619EB865300CF6A51 /* Log.cpp */,
				B5E730C719EB865300CF6A51 /* Log.h */,
				B5E730C919EBB10200CF6A51 /* Time.cpp */,
				B5E730CA19EBB10200CF6A51 /* Time.h */,
				B5E730CC19EBB90500CF6A51 /* Constant.cpp */,
				B5E730CD19EBB90500CF6A51 /* Constant.h */,
				B5E730CF19EBE25200CF6A51 /* Oberserver.cpp */,
				B5E730D019EBE25200CF6A51 /* Oberserver.h */,
				B50C614319ED0E4400B618EB /* Serializ.cpp */,
				B50C614419ED0E4400B618EB /* Serializ.h */,
				B5E04CF119F0CB6A00CCFD10 /* Xml.cpp */,
				B5E04CF219F0CB6A00CCFD10 /* Xml.h */,
			);
			path = util;
			sourceTree = "<group>";
		};
/* End PBXGroup section */

/* Begin PBXNativeTarget section */
		B5E730B719EB75A100CF6A51 /* Core */ = {
			isa = PBXNativeTarget;
			buildConfigurationList = B5E730BD19EB75A100CF6A51 /* Build configuration list for PBXNativeTarget "Core" */;
			buildPhases = (
				B5E730B419EB75A100CF6A51 /* Sources */,
				B5E730B519EB75A100CF6A51 /* Frameworks */,
				B5E730B619EB75A100CF6A51 /* CopyFiles */,
			);
			buildRules = (
			);
			dependencies = (
			);
			name = Core;
			productName = Core;
			productReference = B5E730B819EB75A100CF6A51 /* Core */;
			productType = "com.apple.product-type.tool";
		};
/* End PBXNativeTarget section */

/* Begin PBXProject section */
		B5E730AE19EB754C00CF6A51 /* Project object */ = {
			isa = PBXProject;
			attributes = {
				LastUpgradeCheck = 0600;
				TargetAttributes = {
					B5E730B719EB75A100CF6A51 = {
						CreatedOnToolsVersion = 6.0.1;
					};
				};
			};
			buildConfigurationList = B5E730B119EB754C00CF6A51 /* Build configuration list for PBXProject "Core" */;
			compatibilityVersion = "Xcode 3.2";
			developmentRegion = English;
			hasScannedForEncodings = 0;
			knownRegions = (
				en,
			);
			mainGroup = B5E730AD19EB754C00CF6A51;
			productRefGroup = B5E730B919EB75A100CF6A51 /* Products */;
			projectDirPath = "";
			projectRoot = "";
			targets = (
				B5E730B719EB75A100CF6A51 /* Core */,
			);
		};
/* End PBXProject section */

/* Begin PBXSourcesBuildPhase section */
		B5E730B419EB75A100CF6A51 /* Sources */ = {
			isa = PBXSourcesBuildPhase;
			buildActionMask = 2147483647;
			files = (
				B57D32431A11B3BD006E66E5 /* WorkHelpNoLove.cpp in Sources */,
				B57F64C019F7542400F88FB2 /* Mood.cpp in Sources */,
				B57D32401A11B3AC006E66E5 /* WorkIOINoLove.cpp in Sources */,
				B57D32611A11ED25006E66E5 /* DateNoLove.cpp in Sources */,
				B504E3D919F0AF0E00767625 /* Save.cpp in Sources */,
				B5B4016F19F688D10009CAC2 /* PersonBase.cpp in Sources */,
				B50C614519ED0E4400B618EB /* Serializ.cpp in Sources */,
				B57D324C1A11ECA5006E66E5 /* WorkIOILove.cpp in Sources */,
				B5E146BD19FA3CE600AED87E /* StatusWork.cpp in Sources */,
				B57D32641A11ED32006E66E5 /* DateLove.cpp in Sources */,
				B5530CE919F0F9000020A5AB /* Application.cpp in Sources */,
				B57D325B1A11ED03006E66E5 /* LeisureTalkLove.cpp in Sources */,
				B5E730CB19EBB10200CF6A51 /* Time.cpp in Sources */,
				B57D32491A11B3E5006E66E5 /* WorkTalkLove.cpp in Sources */,
				B57F64C319F7545800F88FB2 /* Favorite.cpp in Sources */,
				B5E730C819EB865300CF6A51 /* Log.cpp in Sources */,
				B5E730CE19EBB90500CF6A51 /* Constant.cpp in Sources */,
				B57F64AE19F750DB00F88FB2 /* StatusController.cpp in Sources */,
				B57F64BA19F753E000F88FB2 /* Player.cpp in Sources */,
				B57D325E1A11ED16006E66E5 /* DateIOI.cpp in Sources */,
				B5E146B719FA3C6F00AED87E /* StatusLeisure.cpp in Sources */,
				B50C614219ED0DBD00B618EB /* Notify.cpp in Sources */,
				B57F64BD19F753EC00F88FB2 /* Girl.cpp in Sources */,
				B57D32581A11ECED006E66E5 /* LeisureIOILove.cpp in Sources */,
				B57D323D1A11AE68006E66E5 /* WorkMeetNoLove.cpp in Sources */,
				B57F64AB19F750C000F88FB2 /* Status.cpp in Sources */,
				B5E730BC19EB75A100CF6A51 /* main.cpp in Sources */,
				B5E146BA19FA3CCE00AED87E /* StatusSleep.cpp in Sources */,
				B57D32461A11B3D3006E66E5 /* WorkTalkNoLove.cpp in Sources */,
				B57F64B119F7512700F88FB2 /* Interaction.cpp in Sources */,
				B57D324F1A11ECB5006E66E5 /* WorkHelpLove.cpp in Sources */,
				B5E04CF319F0CB6A00CCFD10 /* Xml.cpp in Sources */,
				B5E730D119EBE25200CF6A51 /* Oberserver.cpp in Sources */,
				B57D32521A11ECCA006E66E5 /* LeisureIOINoLove.cpp in Sources */,
				B5E730C419EB768B00CF6A51 /* Singleton.cpp in Sources */,
				B57D32551A11ECDE006E66E5 /* LeisureTalkNoLove.cpp in Sources */,
			);
			runOnlyForDeploymentPostprocessing = 0;
		};
/* End PBXSourcesBuildPhase section */

/* Begin XCBuildConfiguration section */
		B5E730B219EB754C00CF6A51 /* Debug */ = {
			isa = XCBuildConfiguration;
			buildSettings = {
			};
			name = Debug;
		};
		B5E730B319EB754C00CF6A51 /* Release */ = {
			isa = XCBuildConfiguration;
			buildSettings = {
			};
			name = Release;
		};
		B5E730BE19EB75A100CF6A51 /* Debug */ = {
			isa = XCBuildConfiguration;
			buildSettings = {
				ALWAYS_SEARCH_USER_PATHS = NO;
				CLANG_CXX_LANGUAGE_STANDARD = "gnu++0x";
				CLANG_CXX_LIBRARY = "libc++";
				CLANG_ENABLE_MODULES = YES;
				CLANG_ENABLE_OBJC_ARC = YES;
				CLANG_WARN_BOOL_CONVERSION = YES;
				CLANG_WARN_CONSTANT_CONVERSION = YES;
				CLANG_WARN_DIRECT_OBJC_ISA_USAGE = YES_ERROR;
				CLANG_WARN_EMPTY_BODY = YES;
				CLANG_WARN_ENUM_CONVERSION = YES;
				CLANG_WARN_INT_CONVERSION = YES;
				CLANG_WARN_OBJC_ROOT_CLASS = YES_ERROR;
				CLANG_WARN_UNREACHABLE_CODE = YES;
				CLANG_WARN__DUPLICATE_METHOD_MATCH = YES;
				COPY_PHASE_STRIP = NO;
				ENABLE_STRICT_OBJC_MSGSEND = YES;
				GCC_C_LANGUAGE_STANDARD = gnu99;
				GCC_DYNAMIC_NO_PIC = NO;
				GCC_OPTIMIZATION_LEVEL = 0;
				GCC_PREPROCESSOR_DEFINITIONS = (
					"DEBUG=1",
					"$(inherited)",
				);
				"GCC_PREPROCESSOR_DEFINITIONS[arch=*]" = XCODE;
				GCC_SYMBOLS_PRIVATE_EXTERN = NO;
				GCC_WARN_64_TO_32_BIT_CONVERSION = YES;
				GCC_WARN_ABOUT_RETURN_TYPE = YES_ERROR;
				GCC_WARN_UNDECLARED_SELECTOR = YES;
				GCC_WARN_UNINITIALIZED_AUTOS = YES_AGGRESSIVE;
				GCC_WARN_UNUSED_FUNCTION = YES;
				GCC_WARN_UNUSED_VARIABLE = YES;
				MACOSX_DEPLOYMENT_TARGET = 10.9;
				MTL_ENABLE_DEBUG_INFO = YES;
				ONLY_ACTIVE_ARCH = YES;
				PRODUCT_NAME = "$(TARGET_NAME)";
				SDKROOT = macosx;
			};
			name = Debug;
		};
		B5E730BF19EB75A100CF6A51 /* Release */ = {
			isa = XCBuildConfiguration;
			buildSettings = {
				ALWAYS_SEARCH_USER_PATHS = NO;
				CLANG_CXX_LANGUAGE_STANDARD = "gnu++0x";
				CLANG_CXX_LIBRARY = "libc++";
				CLANG_ENABLE_MODULES = YES;
				CLANG_ENABLE_OBJC_ARC = YES;
				CLANG_WARN_BOOL_CONVERSION = YES;
				CLANG_WARN_CONSTANT_CONVERSION = YES;
				CLANG_WARN_DIRECT_OBJC_ISA_USAGE = YES_ERROR;
				CLANG_WARN_EMPTY_BODY = YES;
				CLANG_WARN_ENUM_CONVERSION = YES;
				CLANG_WARN_INT_CONVERSION = YES;
				CLANG_WARN_OBJC_ROOT_CLASS = YES_ERROR;
				CLANG_WARN_UNREACHABLE_CODE = YES;
				CLANG_WARN__DUPLICATE_METHOD_MATCH = YES;
				COPY_PHASE_STRIP = YES;
				DEBUG_INFORMATION_FORMAT = "dwarf-with-dsym";
				ENABLE_NS_ASSERTIONS = NO;
				ENABLE_STRICT_OBJC_MSGSEND = YES;
				GCC_C_LANGUAGE_STANDARD = gnu99;
				GCC_WARN_64_TO_32_BIT_CONVERSION = YES;
				GCC_WARN_ABOUT_RETURN_TYPE = YES_ERROR;
				GCC_WARN_UNDECLARED_SELECTOR = YES;
				GCC_WARN_UNINITIALIZED_AUTOS = YES_AGGRESSIVE;
				GCC_WARN_UNUSED_FUNCTION = YES;
				GCC_WARN_UNUSED_VARIABLE = YES;
				MACOSX_DEPLOYMENT_TARGET = 10.9;
				MTL_ENABLE_DEBUG_INFO = NO;
				PRODUCT_NAME = "$(TARGET_NAME)";
				SDKROOT = macosx;
			};
			name = Release;
		};
/* End XCBuildConfiguration section */

/* Begin XCConfigurationList section */
		B5E730B119EB754C00CF6A51 /* Build configuration list for PBXProject "Core" */ = {
			isa = XCConfigurationList;
			buildConfigurations = (
				B5E730B219EB754C00CF6A51 /* Debug */,
				B5E730B319EB754C00CF6A51 /* Release */,
			);
			defaultConfigurationIsVisible = 0;
			defaultConfigurationName = Release;
		};
		B5E730BD19EB75A100CF6A51 /* Build configuration list for PBXNativeTarget "Core" */ = {
			isa = XCConfigurationList;
			buildConfigurations = (
				B5E730BE19EB75A100CF6A51 /* Debug */,
				B5E730BF19EB75A100CF6A51 /* Release */,
			);
			defaultConfigurationIsVisible = 0;
			defaultConfigurationName = Release;
		};
/* End XCConfigurationList section */
	};
	rootObject = B5E730AE19EB754C00CF6A51 /* Project object */;
}
