// !$*UTF8*$!
{
	archiveVersion = 1;
	classes = {
	};
	objectVersion = 46;
	objects = {

/* Begin PBXBuildFile section */
		B5E730BC19EB75A100CF6A51 /* main.cpp in Sources */ = {isa = PBXBuildFile; fileRef = B5E730BB19EB75A100CF6A51 /* main.cpp */; };
		B5E730C419EB768B00CF6A51 /* Singleton.cpp in Sources */ = {isa = PBXBuildFile; fileRef = B5E730C219EB768B00CF6A51 /* Singleton.cpp */; };
		B5E730C819EB865300CF6A51 /* Log.cpp in Sources */ = {isa = PBXBuildFile; fileRef = B5E730C619EB865300CF6A51 /* Log.cpp */; };
		B5E730CB19EBB10200CF6A51 /* Time.cpp in Sources */ = {isa = PBXBuildFile; fileRef = B5E730C919EBB10200CF6A51 /* Time.cpp */; };
		B5E730CE19EBB90500CF6A51 /* Constant.cpp in Sources */ = {isa = PBXBuildFile; fileRef = B5E730CC19EBB90500CF6A51 /* Constant.cpp */; };
		B5E730D119EBE25200CF6A51 /* Oberserver.cpp in Sources */ = {isa = PBXBuildFile; fileRef = B5E730CF19EBE25200CF6A51 /* Oberserver.cpp */; };
/* End PBXBuildFile section */

/* Begin PBXCopyFilesBuildPhase section */
		B5E730B619EB75A100CF6A51 /* CopyFiles */ = {
			isa = PBXCopyFilesBuildPhase;
			buildActionMask = 2147483647;
			dstPath = /usr/share/man/man1/;
			dstSubfolderSpec = 0;
			files = (
			);
			runOnlyForDeploymentPostprocessing = 1;
		};
/* End PBXCopyFilesBuildPhase section */

/* Begin PBXFileReference section */
		B5E730B819EB75A100CF6A51 /* Core */ = {isa = PBXFileReference; explicitFileType = "compiled.mach-o.executable"; includeInIndex = 0; path = Core; sourceTree = BUILT_PRODUCTS_DIR; };
		B5E730BB19EB75A100CF6A51 /* main.cpp */ = {isa = PBXFileReference; lastKnownFileType = sourcecode.cpp.cpp; path = main.cpp; sourceTree = "<group>"; };
		B5E730C219EB768B00CF6A51 /* Singleton.cpp */ = {isa = PBXFileReference; fileEncoding = 4; lastKnownFileType = sourcecode.cpp.cpp; path = Singleton.cpp; sourceTree = "<group>"; };
		B5E730C319EB768B00CF6A51 /* Singleton.h */ = {isa = PBXFileReference; fileEncoding = 4; lastKnownFileType = sourcecode.c.h; path = Singleton.h; sourceTree = "<group>"; };
		B5E730C519EB85EC00CF6A51 /* Header.h */ = {isa = PBXFileReference; lastKnownFileType = sourcecode.c.h; path = Header.h; sourceTree = "<group>"; };
		B5E730C619EB865300CF6A51 /* Log.cpp */ = {isa = PBXFileReference; fileEncoding = 4; lastKnownFileType = sourcecode.cpp.cpp; path = Log.cpp; sourceTree = "<group>"; };
		B5E730C719EB865300CF6A51 /* Log.h */ = {isa = PBXFileReference; fileEncoding = 4; lastKnownFileType = sourcecode.c.h; path = Log.h; sourceTree = "<group>"; };
		B5E730C919EBB10200CF6A51 /* Time.cpp */ = {isa = PBXFileReference; fileEncoding = 4; lastKnownFileType = sourcecode.cpp.cpp; path = Time.cpp; sourceTree = "<group>"; };
		B5E730CA19EBB10200CF6A51 /* Time.h */ = {isa = PBXFileReference; fileEncoding = 4; lastKnownFileType = sourcecode.c.h; path = Time.h; sourceTree = "<group>"; };
		B5E730CC19EBB90500CF6A51 /* Constant.cpp */ = {isa = PBXFileReference; fileEncoding = 4; lastKnownFileType = sourcecode.cpp.cpp; path = Constant.cpp; sourceTree = "<group>"; };
		B5E730CD19EBB90500CF6A51 /* Constant.h */ = {isa = PBXFileReference; fileEncoding = 4; lastKnownFileType = sourcecode.c.h; path = Constant.h; sourceTree = "<group>"; };
		B5E730CF19EBE25200CF6A51 /* Oberserver.cpp */ = {isa = PBXFileReference; fileEncoding = 4; lastKnownFileType = sourcecode.cpp.cpp; path = Oberserver.cpp; sourceTree = "<group>"; };
		B5E730D019EBE25200CF6A51 /* Oberserver.h */ = {isa = PBXFileReference; fileEncoding = 4; lastKnownFileType = sourcecode.c.h; path = Oberserver.h; sourceTree = "<group>"; };
/* End PBXFileReference section */

/* Begin PBXFrameworksBuildPhase section */
		B5E730B519EB75A100CF6A51 /* Frameworks */ = {
			isa = PBXFrameworksBuildPhase;
			buildActionMask = 2147483647;
			files = (
			);
			runOnlyForDeploymentPostprocessing = 0;
		};
/* End PBXFrameworksBuildPhase section */

/* Begin PBXGroup section */
		B5E730AD19EB754C00CF6A51 = {
			isa = PBXGroup;
			children = (
				B5E730BA19EB75A100CF6A51 /* Core */,
				B5E730B919EB75A100CF6A51 /* Products */,
			);
			sourceTree = "<group>";
		};
		B5E730B919EB75A100CF6A51 /* Products */ = {
			isa = PBXGroup;
			children = (
				B5E730B819EB75A100CF6A51 /* Core */,
			);
			name = Products;
			sourceTree = "<group>";
		};
		B5E730BA19EB75A100CF6A51 /* Core */ = {
			isa = PBXGroup;
			children = (
				B5E730BB19EB75A100CF6A51 /* main.cpp */,
				B5E730C019EB762700CF6A51 /* logic */,
				B5E730C119EB762700CF6A51 /* util */,
			);
			path = Core;
			sourceTree = "<group>";
		};
		B5E730C019EB762700CF6A51 /* logic */ = {
			isa = PBXGroup;
			children = (
			);
			path = logic;
			sourceTree = "<group>";
		};
		B5E730C119EB762700CF6A51 /* util */ = {
			isa = PBXGroup;
			children = (
				B5E730C219EB768B00CF6A51 /* Singleton.cpp */,
				B5E730C319EB768B00CF6A51 /* Singleton.h */,
				B5E730C519EB85EC00CF6A51 /* Header.h */,
				B5E730C619EB865300CF6A51 /* Log.cpp */,
				B5E730C719EB865300CF6A51 /* Log.h */,
				B5E730C919EBB10200CF6A51 /* Time.cpp */,
				B5E730CA19EBB10200CF6A51 /* Time.h */,
				B5E730CC19EBB90500CF6A51 /* Constant.cpp */,
				B5E730CD19EBB90500CF6A51 /* Constant.h */,
				B5E730CF19EBE25200CF6A51 /* Oberserver.cpp */,
				B5E730D019EBE25200CF6A51 /* Oberserver.h */,
			);
			path = util;
			sourceTree = "<group>";
		};
/* End PBXGroup section */

/* Begin PBXNativeTarget section */
		B5E730B719EB75A100CF6A51 /* Core */ = {
			isa = PBXNativeTarget;
			buildConfigurationList = B5E730BD19EB75A100CF6A51 /* Build configuration list for PBXNativeTarget "Core" */;
			buildPhases = (
				B5E730B419EB75A100CF6A51 /* Sources */,
				B5E730B519EB75A100CF6A51 /* Frameworks */,
				B5E730B619EB75A100CF6A51 /* CopyFiles */,
			);
			buildRules = (
			);
			dependencies = (
			);
			name = Core;
			productName = Core;
			productReference = B5E730B819EB75A100CF6A51 /* Core */;
			productType = "com.apple.product-type.tool";
		};
/* End PBXNativeTarget section */

/* Begin PBXProject section */
		B5E730AE19EB754C00CF6A51 /* Project object */ = {
			isa = PBXProject;
			attributes = {
				LastUpgradeCheck = 0600;
				TargetAttributes = {
					B5E730B719EB75A100CF6A51 = {
						CreatedOnToolsVersion = 6.0.1;
					};
				};
			};
			buildConfigurationList = B5E730B119EB754C00CF6A51 /* Build configuration list for PBXProject "Core" */;
			compatibilityVersion = "Xcode 3.2";
			developmentRegion = English;
			hasScannedForEncodings = 0;
			knownRegions = (
				en,
			);
			mainGroup = B5E730AD19EB754C00CF6A51;
			productRefGroup = B5E730B919EB75A100CF6A51 /* Products */;
			projectDirPath = "";
			projectRoot = "";
			targets = (
				B5E730B719EB75A100CF6A51 /* Core */,
			);
		};
/* End PBXProject section */

/* Begin PBXSourcesBuildPhase section */
		B5E730B419EB75A100CF6A51 /* Sources */ = {
			isa = PBXSourcesBuildPhase;
			buildActionMask = 2147483647;
			files = (
				B5E730CB19EBB10200CF6A51 /* Time.cpp in Sources */,
				B5E730C819EB865300CF6A51 /* Log.cpp in Sources */,
				B5E730CE19EBB90500CF6A51 /* Constant.cpp in Sources */,
				B5E730BC19EB75A100CF6A51 /* main.cpp in Sources */,
				B5E730D119EBE25200CF6A51 /* Oberserver.cpp in Sources */,
				B5E730C419EB768B00CF6A51 /* Singleton.cpp in Sources */,
			);
			runOnlyForDeploymentPostprocessing = 0;
		};
/* End PBXSourcesBuildPhase section */

/* Begin XCBuildConfiguration section */
		B5E730B219EB754C00CF6A51 /* Debug */ = {
			isa = XCBuildConfiguration;
			buildSettings = {
			};
			name = Debug;
		};
		B5E730B319EB754C00CF6A51 /* Release */ = {
			isa = XCBuildConfiguration;
			buildSettings = {
			};
			name = Release;
		};
		B5E730BE19EB75A100CF6A51 /* Debug */ = {
			isa = XCBuildConfiguration;
			buildSettings = {
				ALWAYS_SEARCH_USER_PATHS = NO;
				CLANG_CXX_LANGUAGE_STANDARD = "gnu++0x";
				CLANG_CXX_LIBRARY = "libc++";
				CLANG_ENABLE_MODULES = YES;
				CLANG_ENABLE_OBJC_ARC = YES;
				CLANG_WARN_BOOL_CONVERSION = YES;
				CLANG_WARN_CONSTANT_CONVERSION = YES;
				CLANG_WARN_DIRECT_OBJC_ISA_USAGE = YES_ERROR;
				CLANG_WARN_EMPTY_BODY = YES;
				CLANG_WARN_ENUM_CONVERSION = YES;
				CLANG_WARN_INT_CONVERSION = YES;
				CLANG_WARN_OBJC_ROOT_CLASS = YES_ERROR;
				CLANG_WARN_UNREACHABLE_CODE = YES;
				CLANG_WARN__DUPLICATE_METHOD_MATCH = YES;
				COPY_PHASE_STRIP = NO;
				ENABLE_STRICT_OBJC_MSGSEND = YES;
				GCC_C_LANGUAGE_STANDARD = gnu99;
				GCC_DYNAMIC_NO_PIC = NO;
				GCC_OPTIMIZATION_LEVEL = 0;
				GCC_PREPROCESSOR_DEFINITIONS = (
					"DEBUG=1",
					"$(inherited)",
				);
				GCC_SYMBOLS_PRIVATE_EXTERN = NO;
				GCC_WARN_64_TO_32_BIT_CONVERSION = YES;
				GCC_WARN_ABOUT_RETURN_TYPE = YES_ERROR;
				GCC_WARN_UNDECLARED_SELECTOR = YES;
				GCC_WARN_UNINITIALIZED_AUTOS = YES_AGGRESSIVE;
				GCC_WARN_UNUSED_FUNCTION = YES;
				GCC_WARN_UNUSED_VARIABLE = YES;
				MACOSX_DEPLOYMENT_TARGET = 10.9;
				MTL_ENABLE_DEBUG_INFO = YES;
				ONLY_ACTIVE_ARCH = YES;
				PRODUCT_NAME = "$(TARGET_NAME)";
				SDKROOT = macosx;
			};
			name = Debug;
		};
		B5E730BF19EB75A100CF6A51 /* Release */ = {
			isa = XCBuildConfiguration;
			buildSettings = {
				ALWAYS_SEARCH_USER_PATHS = NO;
				CLANG_CXX_LANGUAGE_STANDARD = "gnu++0x";
				CLANG_CXX_LIBRARY = "libc++";
				CLANG_ENABLE_MODULES = YES;
				CLANG_ENABLE_OBJC_ARC = YES;
				CLANG_WARN_BOOL_CONVERSION = YES;
				CLANG_WARN_CONSTANT_CONVERSION = YES;
				CLANG_WARN_DIRECT_OBJC_ISA_USAGE = YES_ERROR;
				CLANG_WARN_EMPTY_BODY = YES;
				CLANG_WARN_ENUM_CONVERSION = YES;
				CLANG_WARN_INT_CONVERSION = YES;
				CLANG_WARN_OBJC_ROOT_CLASS = YES_ERROR;
				CLANG_WARN_UNREACHABLE_CODE = YES;
				CLANG_WARN__DUPLICATE_METHOD_MATCH = YES;
				COPY_PHASE_STRIP = YES;
				DEBUG_INFORMATION_FORMAT = "dwarf-with-dsym";
				ENABLE_NS_ASSERTIONS = NO;
				ENABLE_STRICT_OBJC_MSGSEND = YES;
				GCC_C_LANGUAGE_STANDARD = gnu99;
				GCC_WARN_64_TO_32_BIT_CONVERSION = YES;
				GCC_WARN_ABOUT_RETURN_TYPE = YES_ERROR;
				GCC_WARN_UNDECLARED_SELECTOR = YES;
				GCC_WARN_UNINITIALIZED_AUTOS = YES_AGGRESSIVE;
				GCC_WARN_UNUSED_FUNCTION = YES;
				GCC_WARN_UNUSED_VARIABLE = YES;
				MACOSX_DEPLOYMENT_TARGET = 10.9;
				MTL_ENABLE_DEBUG_INFO = NO;
				PRODUCT_NAME = "$(TARGET_NAME)";
				SDKROOT = macosx;
			};
			name = Release;
		};
/* End XCBuildConfiguration section */

/* Begin XCConfigurationList section */
		B5E730B119EB754C00CF6A51 /* Build configuration list for PBXProject "Core" */ = {
			isa = XCConfigurationList;
			buildConfigurations = (
				B5E730B219EB754C00CF6A51 /* Debug */,
				B5E730B319EB754C00CF6A51 /* Release */,
			);
			defaultConfigurationIsVisible = 0;
			defaultConfigurationName = Release;
		};
		B5E730BD19EB75A100CF6A51 /* Build configuration list for PBXNativeTarget "Core" */ = {
			isa = XCConfigurationList;
			buildConfigurations = (
				B5E730BE19EB75A100CF6A51 /* Debug */,
				B5E730BF19EB75A100CF6A51 /* Release */,
			);
			defaultConfigurationIsVisible = 0;
		};
/* End XCConfigurationList section */
	};
	rootObject = B5E730AE19EB754C00CF6A51 /* Project object */;
}
